<?xml version="1.0" encoding="UTF-8"?>
<!DOCTYPE plist PUBLIC "-//Apple//DTD PLIST 1.0//EN" "http://www.apple.com/DTDs/PropertyList-1.0.dtd">
<plist version="1.0">
<dict>
	<key>archiveVersion</key>
	<string>1</string>
	<key>classes</key>
	<dict/>
	<key>objectVersion</key>
	<string>46</string>
	<key>objects</key>
	<dict>
		<key>137BBEB888DC4C48A2283424</key>
		<dict>
			<key>includeInIndex</key>
			<string>1</string>
			<key>isa</key>
			<string>PBXFileReference</string>
			<key>lastKnownFileType</key>
			<string>text.xcconfig</string>
			<key>name</key>
			<string>Pods.xcconfig</string>
			<key>path</key>
			<string>Pods/Pods.xcconfig</string>
			<key>sourceTree</key>
			<string>SOURCE_ROOT</string>
		</dict>
		<key>700D8332175436E2008EB568</key>
		<dict>
			<key>fileRef</key>
			<string>70BC97441752F93C0094D469</string>
			<key>isa</key>
			<string>PBXBuildFile</string>
		</dict>
		<key>700D8333175436E2008EB568</key>
		<dict>
			<key>fileRef</key>
			<string>70BC97461752F9480094D469</string>
			<key>isa</key>
			<string>PBXBuildFile</string>
		</dict>
		<key>701AD2E21743095F00CC4571</key>
		<dict>
			<key>isa</key>
			<string>PBXFileReference</string>
			<key>lastKnownFileType</key>
			<string>wrapper.framework</string>
			<key>name</key>
			<string>GLKit.framework</string>
			<key>path</key>
			<string>System/Library/Frameworks/GLKit.framework</string>
			<key>sourceTree</key>
			<string>SDKROOT</string>
		</dict>
		<key>701AD2E31743095F00CC4571</key>
		<dict>
			<key>isa</key>
			<string>PBXFileReference</string>
			<key>lastKnownFileType</key>
			<string>wrapper.framework</string>
			<key>name</key>
			<string>OpenGLES.framework</string>
			<key>path</key>
			<string>System/Library/Frameworks/OpenGLES.framework</string>
			<key>sourceTree</key>
			<string>SDKROOT</string>
		</dict>
		<key>701AD2E41743095F00CC4571</key>
		<dict>
			<key>fileRef</key>
			<string>701AD2E21743095F00CC4571</string>
			<key>isa</key>
			<string>PBXBuildFile</string>
		</dict>
		<key>701AD2E51743095F00CC4571</key>
		<dict>
			<key>fileRef</key>
			<string>701AD2E31743095F00CC4571</string>
			<key>isa</key>
			<string>PBXBuildFile</string>
		</dict>
		<key>701AD2E61743097600CC4571</key>
		<dict>
			<key>fileRef</key>
			<string>70C23C87173EB48D00F54D6C</string>
			<key>isa</key>
			<string>PBXBuildFile</string>
		</dict>
		<key>701AD2E71743097E00CC4571</key>
		<dict>
			<key>fileRef</key>
			<string>70C23C8A173EB4C500F54D6C</string>
			<key>isa</key>
			<string>PBXBuildFile</string>
		</dict>
		<key>7066D0C717692B4A006F00A1</key>
		<dict>
			<key>fileEncoding</key>
			<string>4</string>
			<key>isa</key>
			<string>PBXFileReference</string>
			<key>lastKnownFileType</key>
			<string>sourcecode.c.h</string>
			<key>path</key>
			<string>DoubleSidedPlane.h</string>
			<key>sourceTree</key>
			<string>&lt;group&gt;</string>
		</dict>
		<key>7066D0C817692B4A006F00A1</key>
		<dict>
			<key>fileEncoding</key>
			<string>4</string>
			<key>isa</key>
			<string>PBXFileReference</string>
			<key>lastKnownFileType</key>
			<string>sourcecode.c.objc</string>
			<key>path</key>
			<string>DoubleSidedPlane.m</string>
			<key>sourceTree</key>
			<string>&lt;group&gt;</string>
		</dict>
		<key>7066D0C917692B4A006F00A1</key>
		<dict>
			<key>fileRef</key>
			<string>7066D0C817692B4A006F00A1</string>
			<key>isa</key>
			<string>PBXBuildFile</string>
		</dict>
		<key>706D255A1748582600F12908</key>
		<dict>
			<key>fileEncoding</key>
			<string>4</string>
			<key>isa</key>
			<string>PBXFileReference</string>
			<key>lastKnownFileType</key>
			<string>sourcecode.c.h</string>
			<key>path</key>
			<string>Constants.h</string>
			<key>sourceTree</key>
			<string>&lt;group&gt;</string>
		</dict>
		<key>706D255B1748605E00F12908</key>
		<dict>
			<key>explicitFileType</key>
			<string>sourcecode.glsl</string>
			<key>fileEncoding</key>
			<string>4</string>
			<key>isa</key>
			<string>PBXFileReference</string>
			<key>path</key>
			<string>ripple_shader.vert</string>
			<key>sourceTree</key>
			<string>&lt;group&gt;</string>
		</dict>
		<key>706D255D1748607200F12908</key>
		<dict>
			<key>explicitFileType</key>
			<string>sourcecode.glsl</string>
			<key>fileEncoding</key>
			<string>4</string>
			<key>isa</key>
			<string>PBXFileReference</string>
			<key>path</key>
			<string>ripple_shader.frag</string>
			<key>sourceTree</key>
			<string>&lt;group&gt;</string>
		</dict>
		<key>706D255F1748621D00F12908</key>
		<dict>
			<key>fileRef</key>
			<string>706D255B1748605E00F12908</string>
			<key>isa</key>
			<string>PBXBuildFile</string>
		</dict>
		<key>706D25601748621D00F12908</key>
		<dict>
			<key>fileRef</key>
			<string>706D255D1748607200F12908</string>
			<key>isa</key>
			<string>PBXBuildFile</string>
		</dict>
		<key>7077D79917679BFB00253AB8</key>
		<dict>
			<key>fileEncoding</key>
			<string>4</string>
			<key>isa</key>
			<string>PBXFileReference</string>
			<key>lastKnownFileType</key>
			<string>sourcecode.c.h</string>
			<key>path</key>
			<string>HorzStripPlane.h</string>
			<key>sourceTree</key>
			<string>&lt;group&gt;</string>
		</dict>
		<key>7077D79A17679BFB00253AB8</key>
		<dict>
			<key>fileEncoding</key>
			<string>4</string>
			<key>isa</key>
			<string>PBXFileReference</string>
			<key>lastKnownFileType</key>
			<string>sourcecode.c.objc</string>
			<key>path</key>
			<string>HorzStripPlane.m</string>
			<key>sourceTree</key>
			<string>&lt;group&gt;</string>
		</dict>
		<key>7077D79B17679BFB00253AB8</key>
		<dict>
			<key>fileRef</key>
			<string>7077D79A17679BFB00253AB8</string>
			<key>isa</key>
			<string>PBXBuildFile</string>
		</dict>
		<key>7077D79C1767CBCD00253AB8</key>
		<dict>
			<key>children</key>
			<array>
				<string>7077D79D1767CC2000253AB8</string>
				<string>7077D79E1767CC2000253AB8</string>
			</array>
			<key>isa</key>
			<string>PBXGroup</string>
			<key>path</key>
			<string>venetian</string>
			<key>sourceTree</key>
			<string>&lt;group&gt;</string>
		</dict>
		<key>7077D79D1767CC2000253AB8</key>
		<dict>
			<key>fileEncoding</key>
			<string>4</string>
			<key>isa</key>
			<string>PBXFileReference</string>
			<key>lastKnownFileType</key>
			<string>sourcecode.c.h</string>
			<key>path</key>
			<string>VenetianEffect.h</string>
			<key>sourceTree</key>
			<string>&lt;group&gt;</string>
		</dict>
		<key>7077D79E1767CC2000253AB8</key>
		<dict>
			<key>fileEncoding</key>
			<string>4</string>
			<key>isa</key>
			<string>PBXFileReference</string>
			<key>lastKnownFileType</key>
			<string>sourcecode.c.objc</string>
			<key>path</key>
			<string>VenetianEffect.m</string>
			<key>sourceTree</key>
			<string>&lt;group&gt;</string>
		</dict>
		<key>7077D79F1767CC2000253AB8</key>
		<dict>
			<key>fileRef</key>
			<string>7077D79E1767CC2000253AB8</string>
			<key>isa</key>
			<string>PBXBuildFile</string>
		</dict>
		<key>7077D7A01767D1D000253AB8</key>
		<dict>
			<key>fileEncoding</key>
			<string>4</string>
			<key>isa</key>
			<string>PBXFileReference</string>
			<key>lastKnownFileType</key>
			<string>sourcecode.c.h</string>
			<key>path</key>
			<string>SourceViewController.h</string>
			<key>sourceTree</key>
			<string>&lt;group&gt;</string>
		</dict>
		<key>7077D7A11767D1D000253AB8</key>
		<dict>
			<key>fileEncoding</key>
			<string>4</string>
			<key>isa</key>
			<string>PBXFileReference</string>
			<key>lastKnownFileType</key>
			<string>sourcecode.c.objc</string>
			<key>path</key>
			<string>SourceViewController.m</string>
			<key>sourceTree</key>
			<string>&lt;group&gt;</string>
		</dict>
		<key>7077D7A21767D1D000253AB8</key>
		<dict>
			<key>fileRef</key>
			<string>7077D7A11767D1D000253AB8</string>
			<key>isa</key>
			<string>PBXBuildFile</string>
		</dict>
		<key>7077D7A31767D69C00253AB8</key>
		<dict>
			<key>fileEncoding</key>
			<string>4</string>
			<key>isa</key>
			<string>PBXFileReference</string>
			<key>lastKnownFileType</key>
			<string>sourcecode.c.h</string>
			<key>path</key>
			<string>ContinuousEffectViewController.h</string>
			<key>sourceTree</key>
			<string>&lt;group&gt;</string>
		</dict>
		<key>7077D7A41767D69C00253AB8</key>
		<dict>
			<key>fileEncoding</key>
			<string>4</string>
			<key>isa</key>
			<string>PBXFileReference</string>
			<key>lastKnownFileType</key>
			<string>sourcecode.c.objc</string>
			<key>path</key>
			<string>ContinuousEffectViewController.m</string>
			<key>sourceTree</key>
			<string>&lt;group&gt;</string>
		</dict>
		<key>7077D7A51767D69C00253AB8</key>
		<dict>
			<key>fileRef</key>
			<string>7077D7A41767D69C00253AB8</string>
			<key>isa</key>
			<string>PBXBuildFile</string>
		</dict>
		<key>707B6985174C90E400AB915C</key>
		<dict>
			<key>isa</key>
			<string>PBXFileReference</string>
			<key>lastKnownFileType</key>
			<string>image.jpeg</string>
			<key>path</key>
			<string>texture2.jpg</string>
			<key>sourceTree</key>
			<string>&lt;group&gt;</string>
		</dict>
		<key>707B6986174C90E400AB915C</key>
		<dict>
			<key>fileRef</key>
			<string>707B6985174C90E400AB915C</string>
			<key>isa</key>
			<string>PBXBuildFile</string>
		</dict>
		<key>70B2A029176814B300DB0F4D</key>
		<dict>
			<key>fileEncoding</key>
			<string>4</string>
			<key>isa</key>
			<string>PBXFileReference</string>
			<key>lastKnownFileType</key>
			<string>sourcecode.c.h</string>
			<key>path</key>
			<string>Shader.h</string>
			<key>sourceTree</key>
			<string>&lt;group&gt;</string>
		</dict>
		<key>70B2A02A176814B300DB0F4D</key>
		<dict>
			<key>fileEncoding</key>
			<string>4</string>
			<key>isa</key>
			<string>PBXFileReference</string>
			<key>lastKnownFileType</key>
			<string>sourcecode.c.objc</string>
			<key>path</key>
			<string>Shader.m</string>
			<key>sourceTree</key>
			<string>&lt;group&gt;</string>
		</dict>
		<key>70B2A02B176814B300DB0F4D</key>
		<dict>
			<key>fileRef</key>
			<string>70B2A02A176814B300DB0F4D</string>
			<key>isa</key>
			<string>PBXBuildFile</string>
		</dict>
		<key>70B2A02C1768153D00DB0F4D</key>
		<dict>
			<key>fileEncoding</key>
			<string>4</string>
			<key>isa</key>
			<string>PBXFileReference</string>
			<key>lastKnownFileType</key>
			<string>sourcecode.c.h</string>
			<key>path</key>
			<string>FixPipelineShader.h</string>
			<key>sourceTree</key>
			<string>&lt;group&gt;</string>
		</dict>
		<key>70B2A02D1768153D00DB0F4D</key>
		<dict>
			<key>fileEncoding</key>
			<string>4</string>
			<key>isa</key>
			<string>PBXFileReference</string>
			<key>lastKnownFileType</key>
			<string>sourcecode.c.objc</string>
			<key>path</key>
			<string>FixPipelineShader.m</string>
			<key>sourceTree</key>
			<string>&lt;group&gt;</string>
		</dict>
		<key>70B2A02E1768153D00DB0F4D</key>
		<dict>
			<key>fileRef</key>
			<string>70B2A02D1768153D00DB0F4D</string>
			<key>isa</key>
			<string>PBXBuildFile</string>
		</dict>
		<key>70B2A02F176839C700DB0F4D</key>
		<dict>
			<key>fileEncoding</key>
			<string>4</string>
			<key>isa</key>
			<string>PBXFileReference</string>
			<key>lastKnownFileType</key>
			<string>sourcecode.c.h</string>
			<key>path</key>
			<string>UVMap.h</string>
			<key>sourceTree</key>
			<string>&lt;group&gt;</string>
		</dict>
		<key>70B2A030176839C700DB0F4D</key>
		<dict>
			<key>fileEncoding</key>
			<string>4</string>
			<key>isa</key>
			<string>PBXFileReference</string>
			<key>lastKnownFileType</key>
			<string>sourcecode.c.objc</string>
			<key>path</key>
			<string>UVMap.m</string>
			<key>sourceTree</key>
			<string>&lt;group&gt;</string>
		</dict>
		<key>70B2A031176839C700DB0F4D</key>
		<dict>
			<key>fileRef</key>
			<string>70B2A030176839C700DB0F4D</string>
			<key>isa</key>
			<string>PBXBuildFile</string>
		</dict>
		<key>70BC973E1752F8190094D469</key>
		<dict>
			<key>children</key>
			<array>
				<string>70BC973F1752F83F0094D469</string>
				<string>70BC97411752F8580094D469</string>
				<string>70BC97421752F8580094D469</string>
				<string>70BC97441752F93C0094D469</string>
				<string>70BC97461752F9480094D469</string>
			</array>
			<key>isa</key>
			<string>PBXGroup</string>
			<key>path</key>
			<string>fire</string>
			<key>sourceTree</key>
			<string>&lt;group&gt;</string>
		</dict>
		<key>70BC973F1752F83F0094D469</key>
		<dict>
			<key>isa</key>
			<string>PBXFileReference</string>
			<key>lastKnownFileType</key>
			<string>image.png</string>
			<key>path</key>
			<string>burn_map.png</string>
			<key>sourceTree</key>
			<string>&lt;group&gt;</string>
		</dict>
		<key>70BC97401752F83F0094D469</key>
		<dict>
			<key>fileRef</key>
			<string>70BC973F1752F83F0094D469</string>
			<key>isa</key>
			<string>PBXBuildFile</string>
		</dict>
		<key>70BC97411752F8580094D469</key>
		<dict>
			<key>fileEncoding</key>
			<string>4</string>
			<key>isa</key>
			<string>PBXFileReference</string>
			<key>lastKnownFileType</key>
			<string>sourcecode.c.h</string>
			<key>path</key>
			<string>FireEffect.h</string>
			<key>sourceTree</key>
			<string>&lt;group&gt;</string>
		</dict>
		<key>70BC97421752F8580094D469</key>
		<dict>
			<key>fileEncoding</key>
			<string>4</string>
			<key>isa</key>
			<string>PBXFileReference</string>
			<key>lastKnownFileType</key>
			<string>sourcecode.c.objc</string>
			<key>path</key>
			<string>FireEffect.m</string>
			<key>sourceTree</key>
			<string>&lt;group&gt;</string>
		</dict>
		<key>70BC97431752F8580094D469</key>
		<dict>
			<key>fileRef</key>
			<string>70BC97421752F8580094D469</string>
			<key>isa</key>
			<string>PBXBuildFile</string>
		</dict>
		<key>70BC97441752F93C0094D469</key>
		<dict>
			<key>explicitFileType</key>
			<string>sourcecode.glsl</string>
			<key>fileEncoding</key>
			<string>4</string>
			<key>isa</key>
			<string>PBXFileReference</string>
			<key>path</key>
			<string>fire_shader.vert</string>
			<key>sourceTree</key>
			<string>&lt;group&gt;</string>
		</dict>
		<key>70BC97461752F9480094D469</key>
		<dict>
			<key>explicitFileType</key>
			<string>sourcecode.glsl</string>
			<key>fileEncoding</key>
			<string>4</string>
			<key>isa</key>
			<string>PBXFileReference</string>
			<key>path</key>
			<string>fire_shader.frag</string>
			<key>sourceTree</key>
			<string>&lt;group&gt;</string>
		</dict>
		<key>70C23C32173EAE5300F54D6C</key>
		<dict>
			<key>children</key>
			<array>
				<string>70C23C73173EAEFA00F54D6C</string>
				<string>70C23C44173EAE5300F54D6C</string>
				<string>70C23C62173EAE5300F54D6C</string>
				<string>70C23C3D173EAE5300F54D6C</string>
				<string>70C23C3C173EAE5300F54D6C</string>
				<string>137BBEB888DC4C48A2283424</string>
			</array>
			<key>isa</key>
			<string>PBXGroup</string>
			<key>sourceTree</key>
			<string>&lt;group&gt;</string>
		</dict>
		<key>70C23C33173EAE5300F54D6C</key>
		<dict>
			<key>attributes</key>
			<dict>
				<key>CLASSPREFIX</key>
				<string>UIFX</string>
				<key>LastUpgradeCheck</key>
				<string>0460</string>
				<key>ORGANIZATIONNAME</key>
				<string>Casselman Consulting</string>
			</dict>
			<key>buildConfigurationList</key>
			<string>70C23C36173EAE5300F54D6C</string>
			<key>compatibilityVersion</key>
			<string>Xcode 3.2</string>
			<key>developmentRegion</key>
			<string>English</string>
			<key>hasScannedForEncodings</key>
			<string>0</string>
			<key>isa</key>
			<string>PBXProject</string>
			<key>knownRegions</key>
			<array>
				<string>en</string>
			</array>
			<key>mainGroup</key>
			<string>70C23C32173EAE5300F54D6C</string>
			<key>productRefGroup</key>
			<string>70C23C3C173EAE5300F54D6C</string>
			<key>projectDirPath</key>
			<string></string>
			<key>projectReferences</key>
			<array/>
			<key>projectRoot</key>
			<string></string>
			<key>targets</key>
			<array>
				<string>70C23C3A173EAE5300F54D6C</string>
				<string>70C23C5A173EAE5300F54D6C</string>
			</array>
		</dict>
		<key>70C23C36173EAE5300F54D6C</key>
		<dict>
			<key>buildConfigurations</key>
			<array>
				<string>70C23C6B173EAE5300F54D6C</string>
				<string>70C23C6C173EAE5300F54D6C</string>
			</array>
			<key>defaultConfigurationIsVisible</key>
			<string>0</string>
			<key>defaultConfigurationName</key>
			<string>Release</string>
			<key>isa</key>
			<string>XCConfigurationList</string>
		</dict>
		<key>70C23C37173EAE5300F54D6C</key>
		<dict>
			<key>buildActionMask</key>
			<string>2147483647</string>
			<key>files</key>
			<array>
				<string>70C23C4B173EAE5300F54D6C</string>
				<string>70C23C4F173EAE5300F54D6C</string>
				<string>70C23C7F173EB45A00F54D6C</string>
				<string>70C23C81173EB45A00F54D6C</string>
				<string>70C23C84173EB47000F54D6C</string>
				<string>70C23C85173EB47000F54D6C</string>
				<string>701AD2E61743097600CC4571</string>
				<string>701AD2E71743097E00CC4571</string>
				<string>70D1A4991745F07B0000414B</string>
				<string>70D1A49C1745F2D50000414B</string>
				<string>70D1A4A01745F4360000414B</string>
				<string>70D1A4A41745F49F0000414B</string>
				<string>70D1A4A81745F4EF0000414B</string>
				<string>70D1A4B21746109B0000414B</string>
				<string>70D1A4B41746109B0000414B</string>
				<string>70D1A4B61746109B0000414B</string>
				<string>70D1A4BA17461B8F0000414B</string>
				<string>70F49A9D17473F7600E57E1E</string>
				<string>70BC97431752F8580094D469</string>
				<string>7077D79B17679BFB00253AB8</string>
				<string>7077D79F1767CC2000253AB8</string>
				<string>7077D7A21767D1D000253AB8</string>
				<string>7077D7A51767D69C00253AB8</string>
				<string>70B2A02B176814B300DB0F4D</string>
				<string>70B2A02E1768153D00DB0F4D</string>
				<string>70B2A031176839C700DB0F4D</string>
				<string>7066D0C917692B4A006F00A1</string>
			</array>
			<key>isa</key>
			<string>PBXSourcesBuildPhase</string>
			<key>runOnlyForDeploymentPostprocessing</key>
			<string>0</string>
		</dict>
		<key>70C23C38173EAE5300F54D6C</key>
		<dict>
			<key>buildActionMask</key>
			<string>2147483647</string>
			<key>files</key>
			<array>
				<string>70D1A4AA17460A8C0000414B</string>
				<string>701AD2E41743095F00CC4571</string>
				<string>701AD2E51743095F00CC4571</string>
				<string>70C23C3F173EAE5300F54D6C</string>
				<string>70C23C41173EAE5300F54D6C</string>
				<string>70C23C43173EAE5300F54D6C</string>
				<string>E2521E7B93904783B82FD7BE</string>
			</array>
			<key>isa</key>
			<string>PBXFrameworksBuildPhase</string>
			<key>runOnlyForDeploymentPostprocessing</key>
			<string>0</string>
		</dict>
		<key>70C23C39173EAE5300F54D6C</key>
		<dict>
			<key>buildActionMask</key>
			<string>2147483647</string>
			<key>files</key>
			<array>
				<string>700D8332175436E2008EB568</string>
				<string>700D8333175436E2008EB568</string>
				<string>706D255F1748621D00F12908</string>
				<string>706D25601748621D00F12908</string>
				<string>70C23C49173EAE5300F54D6C</string>
				<string>70C23C51173EAE5300F54D6C</string>
				<string>70C23C53173EAE5300F54D6C</string>
				<string>70C23C55173EAE5300F54D6C</string>
				<string>70D1A4921745E08D0000414B</string>
				<string>707B6986174C90E400AB915C</string>
				<string>70BC97401752F83F0094D469</string>
			</array>
			<key>isa</key>
			<string>PBXResourcesBuildPhase</string>
			<key>runOnlyForDeploymentPostprocessing</key>
			<string>0</string>
		</dict>
		<key>70C23C3A173EAE5300F54D6C</key>
		<dict>
			<key>buildConfigurationList</key>
			<string>70C23C6D173EAE5300F54D6C</string>
			<key>buildPhases</key>
			<array>
				<string>98A4D028B5F04F76862D2B6C</string>
				<string>70C23C37173EAE5300F54D6C</string>
				<string>70C23C38173EAE5300F54D6C</string>
				<string>70C23C39173EAE5300F54D6C</string>
				<string>A3A18B788A0B499B80E373EE</string>
			</array>
			<key>buildRules</key>
			<array/>
			<key>dependencies</key>
			<array/>
			<key>isa</key>
			<string>PBXNativeTarget</string>
			<key>name</key>
			<string>UIFXKit</string>
			<key>productName</key>
			<string>UIFXKit</string>
			<key>productReference</key>
			<string>70C23C3B173EAE5300F54D6C</string>
			<key>productType</key>
			<string>com.apple.product-type.application</string>
		</dict>
		<key>70C23C3B173EAE5300F54D6C</key>
		<dict>
			<key>explicitFileType</key>
			<string>wrapper.application</string>
			<key>includeInIndex</key>
			<string>0</string>
			<key>isa</key>
			<string>PBXFileReference</string>
			<key>path</key>
			<string>UIFXKit.app</string>
			<key>sourceTree</key>
			<string>BUILT_PRODUCTS_DIR</string>
		</dict>
		<key>70C23C3C173EAE5300F54D6C</key>
		<dict>
			<key>children</key>
			<array>
				<string>70C23C3B173EAE5300F54D6C</string>
				<string>70C23C5B173EAE5300F54D6C</string>
			</array>
			<key>isa</key>
			<string>PBXGroup</string>
			<key>name</key>
			<string>Products</string>
			<key>sourceTree</key>
			<string>&lt;group&gt;</string>
		</dict>
		<key>70C23C3D173EAE5300F54D6C</key>
		<dict>
			<key>children</key>
			<array>
				<string>70D1A4A917460A8C0000414B</string>
				<string>701AD2E21743095F00CC4571</string>
				<string>701AD2E31743095F00CC4571</string>
				<string>70C23C3E173EAE5300F54D6C</string>
				<string>70C23C40173EAE5300F54D6C</string>
				<string>70C23C42173EAE5300F54D6C</string>
				<string>70C23C5C173EAE5300F54D6C</string>
				<string>AFBB1C1E17974A54BF77B757</string>
			</array>
			<key>isa</key>
			<string>PBXGroup</string>
			<key>name</key>
			<string>Frameworks</string>
			<key>sourceTree</key>
			<string>&lt;group&gt;</string>
		</dict>
		<key>70C23C3E173EAE5300F54D6C</key>
		<dict>
			<key>isa</key>
			<string>PBXFileReference</string>
			<key>lastKnownFileType</key>
			<string>wrapper.framework</string>
			<key>name</key>
			<string>UIKit.framework</string>
			<key>path</key>
			<string>System/Library/Frameworks/UIKit.framework</string>
			<key>sourceTree</key>
			<string>SDKROOT</string>
		</dict>
		<key>70C23C3F173EAE5300F54D6C</key>
		<dict>
			<key>fileRef</key>
			<string>70C23C3E173EAE5300F54D6C</string>
			<key>isa</key>
			<string>PBXBuildFile</string>
		</dict>
		<key>70C23C40173EAE5300F54D6C</key>
		<dict>
			<key>isa</key>
			<string>PBXFileReference</string>
			<key>lastKnownFileType</key>
			<string>wrapper.framework</string>
			<key>name</key>
			<string>Foundation.framework</string>
			<key>path</key>
			<string>System/Library/Frameworks/Foundation.framework</string>
			<key>sourceTree</key>
			<string>SDKROOT</string>
		</dict>
		<key>70C23C41173EAE5300F54D6C</key>
		<dict>
			<key>fileRef</key>
			<string>70C23C40173EAE5300F54D6C</string>
			<key>isa</key>
			<string>PBXBuildFile</string>
		</dict>
		<key>70C23C42173EAE5300F54D6C</key>
		<dict>
			<key>isa</key>
			<string>PBXFileReference</string>
			<key>lastKnownFileType</key>
			<string>wrapper.framework</string>
			<key>name</key>
			<string>CoreGraphics.framework</string>
			<key>path</key>
			<string>System/Library/Frameworks/CoreGraphics.framework</string>
			<key>sourceTree</key>
			<string>SDKROOT</string>
		</dict>
		<key>70C23C43173EAE5300F54D6C</key>
		<dict>
			<key>fileRef</key>
			<string>70C23C42173EAE5300F54D6C</string>
			<key>isa</key>
			<string>PBXBuildFile</string>
		</dict>
		<key>70C23C44173EAE5300F54D6C</key>
		<dict>
			<key>children</key>
			<array>
				<string>70D1A4AB174610670000414B</string>
				<string>70D1A4931745EF800000414B</string>
				<string>70C23C7A173EB43400F54D6C</string>
				<string>70C23C77173EB40300F54D6C</string>
				<string>70C23C78173EB40300F54D6C</string>
				<string>70C23C86173EB48D00F54D6C</string>
				<string>70C23C87173EB48D00F54D6C</string>
				<string>70C23C89173EB4C500F54D6C</string>
				<string>70C23C8A173EB4C500F54D6C</string>
				<string>70C23C4D173EAE5300F54D6C</string>
				<string>70C23C4E173EAE5300F54D6C</string>
				<string>70D1A4971745F07B0000414B</string>
				<string>70D1A4981745F07B0000414B</string>
				<string>70C23C45173EAE5300F54D6C</string>
				<string>70B2A029176814B300DB0F4D</string>
				<string>70B2A02A176814B300DB0F4D</string>
				<string>70B2A02C1768153D00DB0F4D</string>
				<string>70B2A02D1768153D00DB0F4D</string>
			</array>
			<key>isa</key>
			<string>PBXGroup</string>
			<key>path</key>
			<string>UIFXKit</string>
			<key>sourceTree</key>
			<string>&lt;group&gt;</string>
		</dict>
		<key>70C23C45173EAE5300F54D6C</key>
		<dict>
			<key>children</key>
			<array>
				<string>70C23C46173EAE5300F54D6C</string>
				<string>70C23C47173EAE5300F54D6C</string>
				<string>70C23C4A173EAE5300F54D6C</string>
				<string>70C23C4C173EAE5300F54D6C</string>
				<string>70C23C50173EAE5300F54D6C</string>
				<string>70C23C52173EAE5300F54D6C</string>
				<string>70C23C54173EAE5300F54D6C</string>
			</array>
			<key>isa</key>
			<string>PBXGroup</string>
			<key>name</key>
			<string>Supporting Files</string>
			<key>sourceTree</key>
			<string>&lt;group&gt;</string>
		</dict>
		<key>70C23C46173EAE5300F54D6C</key>
		<dict>
			<key>isa</key>
			<string>PBXFileReference</string>
			<key>lastKnownFileType</key>
			<string>text.plist.xml</string>
			<key>path</key>
			<string>UIFXKit-Info.plist</string>
			<key>sourceTree</key>
			<string>&lt;group&gt;</string>
		</dict>
		<key>70C23C47173EAE5300F54D6C</key>
		<dict>
			<key>children</key>
			<array>
				<string>70C23C48173EAE5300F54D6C</string>
			</array>
			<key>isa</key>
			<string>PBXVariantGroup</string>
			<key>name</key>
			<string>InfoPlist.strings</string>
			<key>sourceTree</key>
			<string>&lt;group&gt;</string>
		</dict>
		<key>70C23C48173EAE5300F54D6C</key>
		<dict>
			<key>isa</key>
			<string>PBXFileReference</string>
			<key>lastKnownFileType</key>
			<string>text.plist.strings</string>
			<key>name</key>
			<string>en</string>
			<key>path</key>
			<string>en.lproj/InfoPlist.strings</string>
			<key>sourceTree</key>
			<string>&lt;group&gt;</string>
		</dict>
		<key>70C23C49173EAE5300F54D6C</key>
		<dict>
			<key>fileRef</key>
			<string>70C23C47173EAE5300F54D6C</string>
			<key>isa</key>
			<string>PBXBuildFile</string>
		</dict>
		<key>70C23C4A173EAE5300F54D6C</key>
		<dict>
			<key>isa</key>
			<string>PBXFileReference</string>
			<key>lastKnownFileType</key>
			<string>sourcecode.c.objc</string>
			<key>path</key>
			<string>main.m</string>
			<key>sourceTree</key>
			<string>&lt;group&gt;</string>
		</dict>
		<key>70C23C4B173EAE5300F54D6C</key>
		<dict>
			<key>fileRef</key>
			<string>70C23C4A173EAE5300F54D6C</string>
			<key>isa</key>
			<string>PBXBuildFile</string>
		</dict>
		<key>70C23C4C173EAE5300F54D6C</key>
		<dict>
			<key>isa</key>
			<string>PBXFileReference</string>
			<key>lastKnownFileType</key>
			<string>sourcecode.c.h</string>
			<key>path</key>
			<string>UIFXKit-Prefix.pch</string>
			<key>sourceTree</key>
			<string>&lt;group&gt;</string>
		</dict>
		<key>70C23C4D173EAE5300F54D6C</key>
		<dict>
			<key>isa</key>
			<string>PBXFileReference</string>
			<key>lastKnownFileType</key>
			<string>sourcecode.c.h</string>
			<key>path</key>
			<string>UIFXAppDelegate.h</string>
			<key>sourceTree</key>
			<string>&lt;group&gt;</string>
		</dict>
		<key>70C23C4E173EAE5300F54D6C</key>
		<dict>
			<key>isa</key>
			<string>PBXFileReference</string>
			<key>lastKnownFileType</key>
			<string>sourcecode.c.objc</string>
			<key>path</key>
			<string>UIFXAppDelegate.m</string>
			<key>sourceTree</key>
			<string>&lt;group&gt;</string>
		</dict>
		<key>70C23C4F173EAE5300F54D6C</key>
		<dict>
			<key>fileRef</key>
			<string>70C23C4E173EAE5300F54D6C</string>
			<key>isa</key>
			<string>PBXBuildFile</string>
		</dict>
		<key>70C23C50173EAE5300F54D6C</key>
		<dict>
			<key>isa</key>
			<string>PBXFileReference</string>
			<key>lastKnownFileType</key>
			<string>image.png</string>
			<key>path</key>
			<string>Default.png</string>
			<key>sourceTree</key>
			<string>&lt;group&gt;</string>
		</dict>
		<key>70C23C51173EAE5300F54D6C</key>
		<dict>
			<key>fileRef</key>
			<string>70C23C50173EAE5300F54D6C</string>
			<key>isa</key>
			<string>PBXBuildFile</string>
		</dict>
		<key>70C23C52173EAE5300F54D6C</key>
		<dict>
			<key>isa</key>
			<string>PBXFileReference</string>
			<key>lastKnownFileType</key>
			<string>image.png</string>
			<key>path</key>
			<string>Default@2x.png</string>
			<key>sourceTree</key>
			<string>&lt;group&gt;</string>
		</dict>
		<key>70C23C53173EAE5300F54D6C</key>
		<dict>
			<key>fileRef</key>
			<string>70C23C52173EAE5300F54D6C</string>
			<key>isa</key>
			<string>PBXBuildFile</string>
		</dict>
		<key>70C23C54173EAE5300F54D6C</key>
		<dict>
			<key>isa</key>
			<string>PBXFileReference</string>
			<key>lastKnownFileType</key>
			<string>image.png</string>
			<key>path</key>
			<string>Default-568h@2x.png</string>
			<key>sourceTree</key>
			<string>&lt;group&gt;</string>
		</dict>
		<key>70C23C55173EAE5300F54D6C</key>
		<dict>
			<key>fileRef</key>
			<string>70C23C54173EAE5300F54D6C</string>
			<key>isa</key>
			<string>PBXBuildFile</string>
		</dict>
		<key>70C23C56173EAE5300F54D6C</key>
		<dict>
			<key>buildActionMask</key>
			<string>2147483647</string>
			<key>files</key>
			<array>
				<string>70C23C6A173EAE5300F54D6C</string>
				<string>70C23C76173EAF2F00F54D6C</string>
				<string>70C23C79173EB40300F54D6C</string>
				<string>70C23C80173EB45A00F54D6C</string>
				<string>70C23C82173EB45A00F54D6C</string>
				<string>70C23C83173EB46E00F54D6C</string>
				<string>70C23C88173EB48D00F54D6C</string>
				<string>70C23C8B173EB4C500F54D6C</string>
				<string>70D1A4B31746109B0000414B</string>
				<string>70D1A4B51746109B0000414B</string>
				<string>70D1A4B71746109B0000414B</string>
				<string>70D1A4BB17461B8F0000414B</string>
			</array>
			<key>isa</key>
			<string>PBXSourcesBuildPhase</string>
			<key>runOnlyForDeploymentPostprocessing</key>
			<string>0</string>
		</dict>
		<key>70C23C57173EAE5300F54D6C</key>
		<dict>
			<key>buildActionMask</key>
			<string>2147483647</string>
			<key>files</key>
			<array>
				<string>70C23C5D173EAE5300F54D6C</string>
				<string>70C23C5E173EAE5300F54D6C</string>
				<string>70C23C5F173EAE5300F54D6C</string>
			</array>
			<key>isa</key>
			<string>PBXFrameworksBuildPhase</string>
			<key>runOnlyForDeploymentPostprocessing</key>
			<string>0</string>
		</dict>
		<key>70C23C58173EAE5300F54D6C</key>
		<dict>
			<key>buildActionMask</key>
			<string>2147483647</string>
			<key>files</key>
			<array>
				<string>70C23C67173EAE5300F54D6C</string>
			</array>
			<key>isa</key>
			<string>PBXResourcesBuildPhase</string>
			<key>runOnlyForDeploymentPostprocessing</key>
			<string>0</string>
		</dict>
		<key>70C23C59173EAE5300F54D6C</key>
		<dict>
			<key>buildActionMask</key>
			<string>2147483647</string>
			<key>files</key>
			<array/>
			<key>inputPaths</key>
			<array/>
			<key>isa</key>
			<string>PBXShellScriptBuildPhase</string>
			<key>outputPaths</key>
			<array/>
			<key>runOnlyForDeploymentPostprocessing</key>
			<string>0</string>
			<key>shellPath</key>
			<string>/bin/sh</string>
			<key>shellScript</key>
			<string># Run the unit tests in this test bundle.
"${SYSTEM_DEVELOPER_DIR}/Tools/RunUnitTests"
</string>
		</dict>
		<key>70C23C5A173EAE5300F54D6C</key>
		<dict>
			<key>buildConfigurationList</key>
			<string>70C23C70173EAE5300F54D6C</string>
			<key>buildPhases</key>
			<array>
				<string>70C23C56173EAE5300F54D6C</string>
				<string>70C23C57173EAE5300F54D6C</string>
				<string>70C23C58173EAE5300F54D6C</string>
				<string>70C23C59173EAE5300F54D6C</string>
			</array>
			<key>buildRules</key>
			<array/>
			<key>dependencies</key>
			<array>
				<string>70C23C61173EAE5300F54D6C</string>
			</array>
			<key>isa</key>
			<string>PBXNativeTarget</string>
			<key>name</key>
			<string>UIFXKitTests</string>
			<key>productName</key>
			<string>UIFXKitTests</string>
			<key>productReference</key>
			<string>70C23C5B173EAE5300F54D6C</string>
			<key>productType</key>
			<string>com.apple.product-type.bundle</string>
		</dict>
		<key>70C23C5B173EAE5300F54D6C</key>
		<dict>
			<key>explicitFileType</key>
			<string>wrapper.cfbundle</string>
			<key>includeInIndex</key>
			<string>0</string>
			<key>isa</key>
			<string>PBXFileReference</string>
			<key>path</key>
			<string>UIFXKitTests.octest</string>
			<key>sourceTree</key>
			<string>BUILT_PRODUCTS_DIR</string>
		</dict>
		<key>70C23C5C173EAE5300F54D6C</key>
		<dict>
			<key>isa</key>
			<string>PBXFileReference</string>
			<key>lastKnownFileType</key>
			<string>wrapper.framework</string>
			<key>name</key>
			<string>SenTestingKit.framework</string>
			<key>path</key>
			<string>Library/Frameworks/SenTestingKit.framework</string>
			<key>sourceTree</key>
			<string>DEVELOPER_DIR</string>
		</dict>
		<key>70C23C5D173EAE5300F54D6C</key>
		<dict>
			<key>fileRef</key>
			<string>70C23C5C173EAE5300F54D6C</string>
			<key>isa</key>
			<string>PBXBuildFile</string>
		</dict>
		<key>70C23C5E173EAE5300F54D6C</key>
		<dict>
			<key>fileRef</key>
			<string>70C23C3E173EAE5300F54D6C</string>
			<key>isa</key>
			<string>PBXBuildFile</string>
		</dict>
		<key>70C23C5F173EAE5300F54D6C</key>
		<dict>
			<key>fileRef</key>
			<string>70C23C40173EAE5300F54D6C</string>
			<key>isa</key>
			<string>PBXBuildFile</string>
		</dict>
		<key>70C23C60173EAE5300F54D6C</key>
		<dict>
			<key>containerPortal</key>
			<string>70C23C33173EAE5300F54D6C</string>
			<key>isa</key>
			<string>PBXContainerItemProxy</string>
			<key>proxyType</key>
			<string>1</string>
			<key>remoteGlobalIDString</key>
			<string>70C23C3A173EAE5300F54D6C</string>
			<key>remoteInfo</key>
			<string>UIFXKit</string>
		</dict>
		<key>70C23C61173EAE5300F54D6C</key>
		<dict>
			<key>isa</key>
			<string>PBXTargetDependency</string>
			<key>target</key>
			<string>70C23C3A173EAE5300F54D6C</string>
			<key>targetProxy</key>
			<string>70C23C60173EAE5300F54D6C</string>
		</dict>
		<key>70C23C62173EAE5300F54D6C</key>
		<dict>
			<key>children</key>
			<array>
				<string>70C23C68173EAE5300F54D6C</string>
				<string>70C23C69173EAE5300F54D6C</string>
				<string>70C23C63173EAE5300F54D6C</string>
			</array>
			<key>isa</key>
			<string>PBXGroup</string>
			<key>path</key>
			<string>UIFXKitTests</string>
			<key>sourceTree</key>
			<string>&lt;group&gt;</string>
		</dict>
		<key>70C23C63173EAE5300F54D6C</key>
		<dict>
			<key>children</key>
			<array>
				<string>70C23C64173EAE5300F54D6C</string>
				<string>70C23C65173EAE5300F54D6C</string>
			</array>
			<key>isa</key>
			<string>PBXGroup</string>
			<key>name</key>
			<string>Supporting Files</string>
			<key>sourceTree</key>
			<string>&lt;group&gt;</string>
		</dict>
		<key>70C23C64173EAE5300F54D6C</key>
		<dict>
			<key>isa</key>
			<string>PBXFileReference</string>
			<key>lastKnownFileType</key>
			<string>text.plist.xml</string>
			<key>path</key>
			<string>UIFXKitTests-Info.plist</string>
			<key>sourceTree</key>
			<string>&lt;group&gt;</string>
		</dict>
		<key>70C23C65173EAE5300F54D6C</key>
		<dict>
			<key>children</key>
			<array>
				<string>70C23C66173EAE5300F54D6C</string>
			</array>
			<key>isa</key>
			<string>PBXVariantGroup</string>
			<key>name</key>
			<string>InfoPlist.strings</string>
			<key>sourceTree</key>
			<string>&lt;group&gt;</string>
		</dict>
		<key>70C23C66173EAE5300F54D6C</key>
		<dict>
			<key>isa</key>
			<string>PBXFileReference</string>
			<key>lastKnownFileType</key>
			<string>text.plist.strings</string>
			<key>name</key>
			<string>en</string>
			<key>path</key>
			<string>en.lproj/InfoPlist.strings</string>
			<key>sourceTree</key>
			<string>&lt;group&gt;</string>
		</dict>
		<key>70C23C67173EAE5300F54D6C</key>
		<dict>
			<key>fileRef</key>
			<string>70C23C65173EAE5300F54D6C</string>
			<key>isa</key>
			<string>PBXBuildFile</string>
		</dict>
		<key>70C23C68173EAE5300F54D6C</key>
		<dict>
			<key>isa</key>
			<string>PBXFileReference</string>
			<key>lastKnownFileType</key>
			<string>sourcecode.c.h</string>
			<key>path</key>
			<string>UIFXKitTests.h</string>
			<key>sourceTree</key>
			<string>&lt;group&gt;</string>
		</dict>
		<key>70C23C69173EAE5300F54D6C</key>
		<dict>
			<key>isa</key>
			<string>PBXFileReference</string>
			<key>lastKnownFileType</key>
			<string>sourcecode.c.objc</string>
			<key>path</key>
			<string>UIFXKitTests.m</string>
			<key>sourceTree</key>
			<string>&lt;group&gt;</string>
		</dict>
		<key>70C23C6A173EAE5300F54D6C</key>
		<dict>
			<key>fileRef</key>
			<string>70C23C69173EAE5300F54D6C</string>
			<key>isa</key>
			<string>PBXBuildFile</string>
		</dict>
		<key>70C23C6B173EAE5300F54D6C</key>
		<dict>
			<key>buildSettings</key>
			<dict>
				<key>ALWAYS_SEARCH_USER_PATHS</key>
				<string>NO</string>
				<key>CLANG_CXX_LANGUAGE_STANDARD</key>
				<string>gnu++0x</string>
				<key>CLANG_CXX_LIBRARY</key>
				<string>libc++</string>
				<key>CLANG_ENABLE_OBJC_ARC</key>
				<string>YES</string>
				<key>CLANG_WARN_CONSTANT_CONVERSION</key>
				<string>YES</string>
				<key>CLANG_WARN_EMPTY_BODY</key>
				<string>YES</string>
				<key>CLANG_WARN_ENUM_CONVERSION</key>
				<string>YES</string>
				<key>CLANG_WARN_INT_CONVERSION</key>
				<string>YES</string>
				<key>CLANG_WARN__DUPLICATE_METHOD_MATCH</key>
				<string>YES</string>
				<key>CODE_SIGN_IDENTITY[sdk=iphoneos*]</key>
				<string>iPhone Developer</string>
				<key>COPY_PHASE_STRIP</key>
				<string>NO</string>
				<key>GCC_C_LANGUAGE_STANDARD</key>
				<string>gnu99</string>
				<key>GCC_DYNAMIC_NO_PIC</key>
				<string>NO</string>
				<key>GCC_OPTIMIZATION_LEVEL</key>
				<string>0</string>
				<key>GCC_PREPROCESSOR_DEFINITIONS</key>
				<array>
					<string>DEBUG=1</string>
					<string>$(inherited)</string>
				</array>
				<key>GCC_SYMBOLS_PRIVATE_EXTERN</key>
				<string>NO</string>
				<key>GCC_WARN_ABOUT_RETURN_TYPE</key>
				<string>YES</string>
				<key>GCC_WARN_UNINITIALIZED_AUTOS</key>
				<string>YES</string>
				<key>GCC_WARN_UNUSED_VARIABLE</key>
				<string>YES</string>
				<key>IPHONEOS_DEPLOYMENT_TARGET</key>
				<string>6.1</string>
				<key>ONLY_ACTIVE_ARCH</key>
				<string>YES</string>
				<key>SDKROOT</key>
				<string>iphoneos</string>
			</dict>
			<key>isa</key>
			<string>XCBuildConfiguration</string>
			<key>name</key>
			<string>Debug</string>
		</dict>
		<key>70C23C6C173EAE5300F54D6C</key>
		<dict>
			<key>buildSettings</key>
			<dict>
				<key>ALWAYS_SEARCH_USER_PATHS</key>
				<string>NO</string>
				<key>CLANG_CXX_LANGUAGE_STANDARD</key>
				<string>gnu++0x</string>
				<key>CLANG_CXX_LIBRARY</key>
				<string>libc++</string>
				<key>CLANG_ENABLE_OBJC_ARC</key>
				<string>YES</string>
				<key>CLANG_WARN_CONSTANT_CONVERSION</key>
				<string>YES</string>
				<key>CLANG_WARN_EMPTY_BODY</key>
				<string>YES</string>
				<key>CLANG_WARN_ENUM_CONVERSION</key>
				<string>YES</string>
				<key>CLANG_WARN_INT_CONVERSION</key>
				<string>YES</string>
				<key>CLANG_WARN__DUPLICATE_METHOD_MATCH</key>
				<string>YES</string>
				<key>CODE_SIGN_IDENTITY[sdk=iphoneos*]</key>
				<string>iPhone Developer</string>
				<key>COPY_PHASE_STRIP</key>
				<string>YES</string>
				<key>GCC_C_LANGUAGE_STANDARD</key>
				<string>gnu99</string>
				<key>GCC_WARN_ABOUT_RETURN_TYPE</key>
				<string>YES</string>
				<key>GCC_WARN_UNINITIALIZED_AUTOS</key>
				<string>YES</string>
				<key>GCC_WARN_UNUSED_VARIABLE</key>
				<string>YES</string>
				<key>IPHONEOS_DEPLOYMENT_TARGET</key>
				<string>6.1</string>
				<key>OTHER_CFLAGS</key>
				<string>-DNS_BLOCK_ASSERTIONS=1</string>
				<key>SDKROOT</key>
				<string>iphoneos</string>
				<key>VALIDATE_PRODUCT</key>
				<string>YES</string>
			</dict>
			<key>isa</key>
			<string>XCBuildConfiguration</string>
			<key>name</key>
			<string>Release</string>
		</dict>
		<key>70C23C6D173EAE5300F54D6C</key>
		<dict>
			<key>buildConfigurations</key>
			<array>
				<string>70C23C6E173EAE5300F54D6C</string>
				<string>70C23C6F173EAE5300F54D6C</string>
			</array>
			<key>defaultConfigurationIsVisible</key>
			<string>0</string>
			<key>defaultConfigurationName</key>
			<string>Release</string>
			<key>isa</key>
			<string>XCConfigurationList</string>
		</dict>
		<key>70C23C6E173EAE5300F54D6C</key>
		<dict>
			<key>baseConfigurationReference</key>
			<string>137BBEB888DC4C48A2283424</string>
			<key>buildSettings</key>
			<dict>
				<key>GCC_PRECOMPILE_PREFIX_HEADER</key>
				<string>YES</string>
				<key>GCC_PREFIX_HEADER</key>
				<string>UIFXKit/UIFXKit-Prefix.pch</string>
				<key>INFOPLIST_FILE</key>
				<string>UIFXKit/UIFXKit-Info.plist</string>
				<key>PRODUCT_NAME</key>
				<string>$(TARGET_NAME)</string>
				<key>WRAPPER_EXTENSION</key>
				<string>app</string>
			</dict>
			<key>isa</key>
			<string>XCBuildConfiguration</string>
			<key>name</key>
			<string>Debug</string>
		</dict>
		<key>70C23C6F173EAE5300F54D6C</key>
		<dict>
			<key>baseConfigurationReference</key>
			<string>137BBEB888DC4C48A2283424</string>
			<key>buildSettings</key>
			<dict>
				<key>GCC_PRECOMPILE_PREFIX_HEADER</key>
				<string>YES</string>
				<key>GCC_PREFIX_HEADER</key>
				<string>UIFXKit/UIFXKit-Prefix.pch</string>
				<key>INFOPLIST_FILE</key>
				<string>UIFXKit/UIFXKit-Info.plist</string>
				<key>PRODUCT_NAME</key>
				<string>$(TARGET_NAME)</string>
				<key>WRAPPER_EXTENSION</key>
				<string>app</string>
			</dict>
			<key>isa</key>
			<string>XCBuildConfiguration</string>
			<key>name</key>
			<string>Release</string>
		</dict>
		<key>70C23C70173EAE5300F54D6C</key>
		<dict>
			<key>buildConfigurations</key>
			<array>
				<string>70C23C71173EAE5300F54D6C</string>
				<string>70C23C72173EAE5300F54D6C</string>
			</array>
			<key>defaultConfigurationIsVisible</key>
			<string>0</string>
			<key>defaultConfigurationName</key>
			<string>Release</string>
			<key>isa</key>
			<string>XCConfigurationList</string>
		</dict>
		<key>70C23C71173EAE5300F54D6C</key>
		<dict>
			<key>buildSettings</key>
			<dict>
				<key>BUNDLE_LOADER</key>
				<string>$(BUILT_PRODUCTS_DIR)/UIFXKit.app/UIFXKit</string>
				<key>FRAMEWORK_SEARCH_PATHS</key>
				<array>
					<string>"$(SDKROOT)/Developer/Library/Frameworks"</string>
					<string>"$(DEVELOPER_LIBRARY_DIR)/Frameworks"</string>
				</array>
				<key>GCC_PRECOMPILE_PREFIX_HEADER</key>
				<string>YES</string>
				<key>GCC_PREFIX_HEADER</key>
				<string>UIFXKit/UIFXKit-Prefix.pch</string>
				<key>INFOPLIST_FILE</key>
				<string>UIFXKitTests/UIFXKitTests-Info.plist</string>
				<key>PRODUCT_NAME</key>
				<string>$(TARGET_NAME)</string>
				<key>TEST_HOST</key>
				<string>$(BUNDLE_LOADER)</string>
				<key>WRAPPER_EXTENSION</key>
				<string>octest</string>
			</dict>
			<key>isa</key>
			<string>XCBuildConfiguration</string>
			<key>name</key>
			<string>Debug</string>
		</dict>
		<key>70C23C72173EAE5300F54D6C</key>
		<dict>
			<key>buildSettings</key>
			<dict>
				<key>BUNDLE_LOADER</key>
				<string>$(BUILT_PRODUCTS_DIR)/UIFXKit.app/UIFXKit</string>
				<key>FRAMEWORK_SEARCH_PATHS</key>
				<array>
					<string>"$(SDKROOT)/Developer/Library/Frameworks"</string>
					<string>"$(DEVELOPER_LIBRARY_DIR)/Frameworks"</string>
				</array>
				<key>GCC_PRECOMPILE_PREFIX_HEADER</key>
				<string>YES</string>
				<key>GCC_PREFIX_HEADER</key>
				<string>UIFXKit/UIFXKit-Prefix.pch</string>
				<key>INFOPLIST_FILE</key>
				<string>UIFXKitTests/UIFXKitTests-Info.plist</string>
				<key>PRODUCT_NAME</key>
				<string>$(TARGET_NAME)</string>
				<key>TEST_HOST</key>
				<string>$(BUNDLE_LOADER)</string>
				<key>WRAPPER_EXTENSION</key>
				<string>octest</string>
			</dict>
			<key>isa</key>
			<string>XCBuildConfiguration</string>
			<key>name</key>
			<string>Release</string>
		</dict>
		<key>70C23C73173EAEFA00F54D6C</key>
		<dict>
			<key>children</key>
			<array>
				<string>707B6985174C90E400AB915C</string>
				<string>70D1A49D1745F40E0000414B</string>
				<string>70D1A4901745E0110000414B</string>
			</array>
			<key>isa</key>
			<string>PBXGroup</string>
			<key>path</key>
			<string>examples</string>
			<key>sourceTree</key>
			<string>&lt;group&gt;</string>
		</dict>
		<key>70C23C74173EAF2F00F54D6C</key>
		<dict>
			<key>fileEncoding</key>
			<string>4</string>
			<key>isa</key>
			<string>PBXFileReference</string>
			<key>lastKnownFileType</key>
			<string>sourcecode.c.h</string>
			<key>path</key>
			<string>CustomShader.h</string>
			<key>sourceTree</key>
			<string>&lt;group&gt;</string>
		</dict>
		<key>70C23C75173EAF2F00F54D6C</key>
		<dict>
			<key>fileEncoding</key>
			<string>4</string>
			<key>isa</key>
			<string>PBXFileReference</string>
			<key>lastKnownFileType</key>
			<string>sourcecode.c.objc</string>
			<key>path</key>
			<string>CustomShader.m</string>
			<key>sourceTree</key>
			<string>&lt;group&gt;</string>
		</dict>
		<key>70C23C76173EAF2F00F54D6C</key>
		<dict>
			<key>fileRef</key>
			<string>70C23C75173EAF2F00F54D6C</string>
			<key>isa</key>
			<string>PBXBuildFile</string>
		</dict>
		<key>70C23C77173EB40300F54D6C</key>
		<dict>
			<key>fileEncoding</key>
			<string>4</string>
			<key>isa</key>
			<string>PBXFileReference</string>
			<key>lastKnownFileType</key>
			<string>sourcecode.c.h</string>
			<key>path</key>
			<string>UIFXWindow.h</string>
			<key>sourceTree</key>
			<string>&lt;group&gt;</string>
		</dict>
		<key>70C23C78173EB40300F54D6C</key>
		<dict>
			<key>fileEncoding</key>
			<string>4</string>
			<key>isa</key>
			<string>PBXFileReference</string>
			<key>lastKnownFileType</key>
			<string>sourcecode.c.objc</string>
			<key>path</key>
			<string>UIFXWindow.m</string>
			<key>sourceTree</key>
			<string>&lt;group&gt;</string>
		</dict>
		<key>70C23C79173EB40300F54D6C</key>
		<dict>
			<key>fileRef</key>
			<string>70C23C78173EB40300F54D6C</string>
			<key>isa</key>
			<string>PBXBuildFile</string>
		</dict>
		<key>70C23C7A173EB43400F54D6C</key>
		<dict>
			<key>children</key>
			<array>
				<string>70C23C7B173EB45A00F54D6C</string>
				<string>70C23C7C173EB45A00F54D6C</string>
				<string>70C23C7D173EB45A00F54D6C</string>
				<string>70C23C7E173EB45A00F54D6C</string>
				<string>706D255A1748582600F12908</string>
			</array>
			<key>isa</key>
			<string>PBXGroup</string>
			<key>path</key>
			<string>util</string>
			<key>sourceTree</key>
			<string>&lt;group&gt;</string>
		</dict>
		<key>70C23C7B173EB45A00F54D6C</key>
		<dict>
			<key>fileEncoding</key>
			<string>4</string>
			<key>isa</key>
			<string>PBXFileReference</string>
			<key>lastKnownFileType</key>
			<string>sourcecode.c.c</string>
			<key>path</key>
			<string>glMath.c</string>
			<key>sourceTree</key>
			<string>&lt;group&gt;</string>
		</dict>
		<key>70C23C7C173EB45A00F54D6C</key>
		<dict>
			<key>fileEncoding</key>
			<string>4</string>
			<key>isa</key>
			<string>PBXFileReference</string>
			<key>lastKnownFileType</key>
			<string>sourcecode.c.h</string>
			<key>path</key>
			<string>glMath.h</string>
			<key>sourceTree</key>
			<string>&lt;group&gt;</string>
		</dict>
		<key>70C23C7D173EB45A00F54D6C</key>
		<dict>
			<key>fileEncoding</key>
			<string>4</string>
			<key>isa</key>
			<string>PBXFileReference</string>
			<key>lastKnownFileType</key>
			<string>sourcecode.c.h</string>
			<key>path</key>
			<string>UIView+ImageRender.h</string>
			<key>sourceTree</key>
			<string>&lt;group&gt;</string>
		</dict>
		<key>70C23C7E173EB45A00F54D6C</key>
		<dict>
			<key>fileEncoding</key>
			<string>4</string>
			<key>isa</key>
			<string>PBXFileReference</string>
			<key>lastKnownFileType</key>
			<string>sourcecode.c.objc</string>
			<key>path</key>
			<string>UIView+ImageRender.m</string>
			<key>sourceTree</key>
			<string>&lt;group&gt;</string>
		</dict>
		<key>70C23C7F173EB45A00F54D6C</key>
		<dict>
			<key>fileRef</key>
			<string>70C23C7B173EB45A00F54D6C</string>
			<key>isa</key>
			<string>PBXBuildFile</string>
		</dict>
		<key>70C23C80173EB45A00F54D6C</key>
		<dict>
			<key>fileRef</key>
			<string>70C23C7B173EB45A00F54D6C</string>
			<key>isa</key>
			<string>PBXBuildFile</string>
		</dict>
		<key>70C23C81173EB45A00F54D6C</key>
		<dict>
			<key>fileRef</key>
			<string>70C23C7E173EB45A00F54D6C</string>
			<key>isa</key>
			<string>PBXBuildFile</string>
		</dict>
		<key>70C23C82173EB45A00F54D6C</key>
		<dict>
			<key>fileRef</key>
			<string>70C23C7E173EB45A00F54D6C</string>
			<key>isa</key>
			<string>PBXBuildFile</string>
		</dict>
		<key>70C23C83173EB46E00F54D6C</key>
		<dict>
			<key>fileRef</key>
			<string>70C23C4E173EAE5300F54D6C</string>
			<key>isa</key>
			<string>PBXBuildFile</string>
		</dict>
		<key>70C23C84173EB47000F54D6C</key>
		<dict>
			<key>fileRef</key>
			<string>70C23C78173EB40300F54D6C</string>
			<key>isa</key>
			<string>PBXBuildFile</string>
		</dict>
		<key>70C23C85173EB47000F54D6C</key>
		<dict>
			<key>fileRef</key>
			<string>70C23C75173EAF2F00F54D6C</string>
			<key>isa</key>
			<string>PBXBuildFile</string>
		</dict>
		<key>70C23C86173EB48D00F54D6C</key>
		<dict>
			<key>fileEncoding</key>
			<string>4</string>
			<key>isa</key>
			<string>PBXFileReference</string>
			<key>lastKnownFileType</key>
			<string>sourcecode.c.h</string>
			<key>path</key>
			<string>UIFXView.h</string>
			<key>sourceTree</key>
			<string>&lt;group&gt;</string>
		</dict>
		<key>70C23C87173EB48D00F54D6C</key>
		<dict>
			<key>fileEncoding</key>
			<string>4</string>
			<key>isa</key>
			<string>PBXFileReference</string>
			<key>lastKnownFileType</key>
			<string>sourcecode.c.objc</string>
			<key>path</key>
			<string>UIFXView.m</string>
			<key>sourceTree</key>
			<string>&lt;group&gt;</string>
		</dict>
		<key>70C23C88173EB48D00F54D6C</key>
		<dict>
			<key>fileRef</key>
			<string>70C23C87173EB48D00F54D6C</string>
			<key>isa</key>
			<string>PBXBuildFile</string>
		</dict>
		<key>70C23C89173EB4C500F54D6C</key>
		<dict>
			<key>fileEncoding</key>
			<string>4</string>
			<key>isa</key>
			<string>PBXFileReference</string>
			<key>lastKnownFileType</key>
			<string>sourcecode.c.h</string>
			<key>path</key>
			<string>UIFXBaseEffect.h</string>
			<key>sourceTree</key>
			<string>&lt;group&gt;</string>
		</dict>
		<key>70C23C8A173EB4C500F54D6C</key>
		<dict>
			<key>fileEncoding</key>
			<string>4</string>
			<key>isa</key>
			<string>PBXFileReference</string>
			<key>lastKnownFileType</key>
			<string>sourcecode.c.objc</string>
			<key>path</key>
			<string>UIFXBaseEffect.m</string>
			<key>sourceTree</key>
			<string>&lt;group&gt;</string>
		</dict>
		<key>70C23C8B173EB4C500F54D6C</key>
		<dict>
			<key>fileRef</key>
			<string>70C23C8A173EB4C500F54D6C</string>
			<key>isa</key>
			<string>PBXBuildFile</string>
		</dict>
		<key>70D1A4901745E0110000414B</key>
		<dict>
			<key>children</key>
			<array>
				<string>70D1A4911745E08D0000414B</string>
			</array>
			<key>isa</key>
			<string>PBXGroup</string>
			<key>path</key>
			<string>interfaces</string>
			<key>sourceTree</key>
			<string>&lt;group&gt;</string>
		</dict>
		<key>70D1A4911745E08D0000414B</key>
		<dict>
			<key>fileEncoding</key>
			<string>4</string>
			<key>isa</key>
			<string>PBXFileReference</string>
			<key>lastKnownFileType</key>
			<string>file.storyboard</string>
			<key>path</key>
			<string>MainStoryboard.storyboard</string>
			<key>sourceTree</key>
			<string>&lt;group&gt;</string>
		</dict>
		<key>70D1A4921745E08D0000414B</key>
		<dict>
			<key>fileRef</key>
			<string>70D1A4911745E08D0000414B</string>
			<key>isa</key>
			<string>PBXBuildFile</string>
		</dict>
		<key>70D1A4931745EF800000414B</key>
		<dict>
			<key>children</key>
			<array>
				<string>7077D79C1767CBCD00253AB8</string>
				<string>70BC973E1752F8190094D469</string>
				<string>70D1A4A51745F4C70000414B</string>
				<string>70D1A4A11745F47E0000414B</string>
				<string>70D1A49A1745F2D50000414B</string>
				<string>70D1A49B1745F2D50000414B</string>
			</array>
			<key>isa</key>
			<string>PBXGroup</string>
			<key>path</key>
			<string>effects</string>
			<key>sourceTree</key>
			<string>&lt;group&gt;</string>
		</dict>
		<key>70D1A4971745F07B0000414B</key>
		<dict>
			<key>fileEncoding</key>
			<string>4</string>
			<key>isa</key>
			<string>PBXFileReference</string>
			<key>lastKnownFileType</key>
			<string>sourcecode.c.h</string>
			<key>path</key>
			<string>UIFXSegue.h</string>
			<key>sourceTree</key>
			<string>&lt;group&gt;</string>
		</dict>
		<key>70D1A4981745F07B0000414B</key>
		<dict>
			<key>fileEncoding</key>
			<string>4</string>
			<key>isa</key>
			<string>PBXFileReference</string>
			<key>lastKnownFileType</key>
			<string>sourcecode.c.objc</string>
			<key>path</key>
			<string>UIFXSegue.m</string>
			<key>sourceTree</key>
			<string>&lt;group&gt;</string>
		</dict>
		<key>70D1A4991745F07B0000414B</key>
		<dict>
			<key>fileRef</key>
			<string>70D1A4981745F07B0000414B</string>
			<key>isa</key>
			<string>PBXBuildFile</string>
		</dict>
		<key>70D1A49A1745F2D50000414B</key>
		<dict>
			<key>fileEncoding</key>
			<string>4</string>
			<key>isa</key>
			<string>PBXFileReference</string>
			<key>lastKnownFileType</key>
			<string>sourcecode.c.h</string>
			<key>name</key>
			<string>TransitionEffect.h</string>
			<key>path</key>
			<string>UIFXKit/effects/TransitionEffect.h</string>
			<key>sourceTree</key>
			<string>SOURCE_ROOT</string>
		</dict>
		<key>70D1A49B1745F2D50000414B</key>
		<dict>
			<key>fileEncoding</key>
			<string>4</string>
			<key>isa</key>
			<string>PBXFileReference</string>
			<key>lastKnownFileType</key>
			<string>sourcecode.c.objc</string>
			<key>name</key>
			<string>TransitionEffect.m</string>
			<key>path</key>
			<string>UIFXKit/effects/TransitionEffect.m</string>
			<key>sourceTree</key>
			<string>SOURCE_ROOT</string>
		</dict>
		<key>70D1A49C1745F2D50000414B</key>
		<dict>
			<key>fileRef</key>
			<string>70D1A49B1745F2D50000414B</string>
			<key>isa</key>
			<string>PBXBuildFile</string>
		</dict>
		<key>70D1A49D1745F40E0000414B</key>
		<dict>
			<key>children</key>
			<array>
				<string>70D1A49E1745F4360000414B</string>
				<string>70D1A49F1745F4360000414B</string>
				<string>7077D7A01767D1D000253AB8</string>
				<string>7077D7A11767D1D000253AB8</string>
				<string>7077D7A31767D69C00253AB8</string>
				<string>7077D7A41767D69C00253AB8</string>
			</array>
			<key>isa</key>
			<string>PBXGroup</string>
			<key>path</key>
			<string>src</string>
			<key>sourceTree</key>
			<string>&lt;group&gt;</string>
		</dict>
		<key>70D1A49E1745F4360000414B</key>
		<dict>
			<key>fileEncoding</key>
			<string>4</string>
			<key>isa</key>
			<string>PBXFileReference</string>
			<key>lastKnownFileType</key>
			<string>sourcecode.c.h</string>
			<key>path</key>
			<string>LandingPageViewController.h</string>
			<key>sourceTree</key>
			<string>&lt;group&gt;</string>
		</dict>
		<key>70D1A49F1745F4360000414B</key>
		<dict>
			<key>fileEncoding</key>
			<string>4</string>
			<key>isa</key>
			<string>PBXFileReference</string>
			<key>lastKnownFileType</key>
			<string>sourcecode.c.objc</string>
			<key>path</key>
			<string>LandingPageViewController.m</string>
			<key>sourceTree</key>
			<string>&lt;group&gt;</string>
		</dict>
		<key>70D1A4A01745F4360000414B</key>
		<dict>
			<key>fileRef</key>
			<string>70D1A49F1745F4360000414B</string>
			<key>isa</key>
			<string>PBXBuildFile</string>
		</dict>
		<key>70D1A4A11745F47E0000414B</key>
		<dict>
			<key>children</key>
			<array>
				<string>70D1A4A21745F49F0000414B</string>
				<string>70D1A4A31745F49F0000414B</string>
				<string>706D255B1748605E00F12908</string>
				<string>706D255D1748607200F12908</string>
			</array>
			<key>isa</key>
			<string>PBXGroup</string>
			<key>path</key>
			<string>ripple</string>
			<key>sourceTree</key>
			<string>&lt;group&gt;</string>
		</dict>
		<key>70D1A4A21745F49F0000414B</key>
		<dict>
			<key>fileEncoding</key>
			<string>4</string>
			<key>isa</key>
			<string>PBXFileReference</string>
			<key>lastKnownFileType</key>
			<string>sourcecode.c.h</string>
			<key>path</key>
			<string>RippleEffect.h</string>
			<key>sourceTree</key>
			<string>&lt;group&gt;</string>
		</dict>
		<key>70D1A4A31745F49F0000414B</key>
		<dict>
			<key>fileEncoding</key>
			<string>4</string>
			<key>isa</key>
			<string>PBXFileReference</string>
			<key>lastKnownFileType</key>
			<string>sourcecode.c.objc</string>
			<key>path</key>
			<string>RippleEffect.m</string>
			<key>sourceTree</key>
			<string>&lt;group&gt;</string>
		</dict>
		<key>70D1A4A41745F49F0000414B</key>
		<dict>
			<key>fileRef</key>
			<string>70D1A4A31745F49F0000414B</string>
			<key>isa</key>
			<string>PBXBuildFile</string>
		</dict>
		<key>70D1A4A51745F4C70000414B</key>
		<dict>
			<key>children</key>
			<array>
				<string>70D1A4A61745F4EF0000414B</string>
				<string>70D1A4A71745F4EF0000414B</string>
			</array>
			<key>isa</key>
			<string>PBXGroup</string>
			<key>path</key>
			<string>test</string>
			<key>sourceTree</key>
			<string>&lt;group&gt;</string>
		</dict>
		<key>70D1A4A61745F4EF0000414B</key>
		<dict>
			<key>fileEncoding</key>
			<string>4</string>
			<key>isa</key>
			<string>PBXFileReference</string>
			<key>lastKnownFileType</key>
			<string>sourcecode.c.h</string>
			<key>path</key>
			<string>TestEffect.h</string>
			<key>sourceTree</key>
			<string>&lt;group&gt;</string>
		</dict>
		<key>70D1A4A71745F4EF0000414B</key>
		<dict>
			<key>fileEncoding</key>
			<string>4</string>
			<key>isa</key>
			<string>PBXFileReference</string>
			<key>lastKnownFileType</key>
			<string>sourcecode.c.objc</string>
			<key>path</key>
			<string>TestEffect.m</string>
			<key>sourceTree</key>
			<string>&lt;group&gt;</string>
		</dict>
		<key>70D1A4A81745F4EF0000414B</key>
		<dict>
			<key>fileRef</key>
			<string>70D1A4A71745F4EF0000414B</string>
			<key>isa</key>
			<string>PBXBuildFile</string>
		</dict>
		<key>70D1A4A917460A8C0000414B</key>
		<dict>
			<key>isa</key>
			<string>PBXFileReference</string>
			<key>lastKnownFileType</key>
			<string>wrapper.framework</string>
			<key>name</key>
			<string>QuartzCore.framework</string>
			<key>path</key>
			<string>System/Library/Frameworks/QuartzCore.framework</string>
			<key>sourceTree</key>
			<string>SDKROOT</string>
		</dict>
		<key>70D1A4AA17460A8C0000414B</key>
		<dict>
			<key>fileRef</key>
			<string>70D1A4A917460A8C0000414B</string>
			<key>isa</key>
			<string>PBXBuildFile</string>
		</dict>
		<key>70D1A4AB174610670000414B</key>
		<dict>
			<key>children</key>
			<array>
				<string>70F49A9A17473F5600E57E1E</string>
				<string>70D1A4AC1746109B0000414B</string>
				<string>70D1A4AD1746109B0000414B</string>
				<string>70D1A4AE1746109B0000414B</string>
				<string>70D1A4AF1746109B0000414B</string>
				<string>70D1A4B01746109B0000414B</string>
				<string>70D1A4B11746109B0000414B</string>
				<string>70C23C74173EAF2F00F54D6C</string>
				<string>70C23C75173EAF2F00F54D6C</string>
				<string>70D1A4B817461B8F0000414B</string>
				<string>70D1A4B917461B8F0000414B</string>
				<string>70B2A02F176839C700DB0F4D</string>
				<string>70B2A030176839C700DB0F4D</string>
			</array>
			<key>isa</key>
			<string>PBXGroup</string>
			<key>path</key>
			<string>gl</string>
			<key>sourceTree</key>
			<string>&lt;group&gt;</string>
		</dict>
		<key>70D1A4AC1746109B0000414B</key>
		<dict>
			<key>fileEncoding</key>
			<string>4</string>
			<key>isa</key>
			<string>PBXFileReference</string>
			<key>lastKnownFileType</key>
			<string>sourcecode.c.h</string>
			<key>path</key>
			<string>VertexBuffer.h</string>
			<key>sourceTree</key>
			<string>&lt;group&gt;</string>
		</dict>
		<key>70D1A4AD1746109B0000414B</key>
		<dict>
			<key>fileEncoding</key>
			<string>4</string>
			<key>isa</key>
			<string>PBXFileReference</string>
			<key>lastKnownFileType</key>
			<string>sourcecode.c.objc</string>
			<key>path</key>
			<string>VertexBuffer.m</string>
			<key>sourceTree</key>
			<string>&lt;group&gt;</string>
		</dict>
		<key>70D1A4AE1746109B0000414B</key>
		<dict>
			<key>fileEncoding</key>
			<string>4</string>
			<key>isa</key>
			<string>PBXFileReference</string>
			<key>lastKnownFileType</key>
			<string>sourcecode.c.h</string>
			<key>path</key>
			<string>Model3D.h</string>
			<key>sourceTree</key>
			<string>&lt;group&gt;</string>
		</dict>
		<key>70D1A4AF1746109B0000414B</key>
		<dict>
			<key>fileEncoding</key>
			<string>4</string>
			<key>isa</key>
			<string>PBXFileReference</string>
			<key>lastKnownFileType</key>
			<string>sourcecode.c.objc</string>
			<key>path</key>
			<string>Model3D.m</string>
			<key>sourceTree</key>
			<string>&lt;group&gt;</string>
		</dict>
		<key>70D1A4B01746109B0000414B</key>
		<dict>
			<key>fileEncoding</key>
			<string>4</string>
			<key>isa</key>
			<string>PBXFileReference</string>
			<key>lastKnownFileType</key>
			<string>sourcecode.c.h</string>
			<key>path</key>
			<string>SceneGraph.h</string>
			<key>sourceTree</key>
			<string>&lt;group&gt;</string>
		</dict>
		<key>70D1A4B11746109B0000414B</key>
		<dict>
			<key>fileEncoding</key>
			<string>4</string>
			<key>isa</key>
			<string>PBXFileReference</string>
			<key>lastKnownFileType</key>
			<string>sourcecode.c.objc</string>
			<key>path</key>
			<string>SceneGraph.m</string>
			<key>sourceTree</key>
			<string>&lt;group&gt;</string>
		</dict>
		<key>70D1A4B21746109B0000414B</key>
		<dict>
			<key>fileRef</key>
			<string>70D1A4AD1746109B0000414B</string>
			<key>isa</key>
			<string>PBXBuildFile</string>
		</dict>
		<key>70D1A4B31746109B0000414B</key>
		<dict>
			<key>fileRef</key>
			<string>70D1A4AD1746109B0000414B</string>
			<key>isa</key>
			<string>PBXBuildFile</string>
		</dict>
		<key>70D1A4B41746109B0000414B</key>
		<dict>
			<key>fileRef</key>
			<string>70D1A4AF1746109B0000414B</string>
			<key>isa</key>
			<string>PBXBuildFile</string>
		</dict>
		<key>70D1A4B51746109B0000414B</key>
		<dict>
			<key>fileRef</key>
			<string>70D1A4AF1746109B0000414B</string>
			<key>isa</key>
			<string>PBXBuildFile</string>
		</dict>
		<key>70D1A4B61746109B0000414B</key>
		<dict>
			<key>fileRef</key>
			<string>70D1A4B11746109B0000414B</string>
			<key>isa</key>
			<string>PBXBuildFile</string>
		</dict>
		<key>70D1A4B71746109B0000414B</key>
		<dict>
			<key>fileRef</key>
			<string>70D1A4B11746109B0000414B</string>
			<key>isa</key>
			<string>PBXBuildFile</string>
		</dict>
		<key>70D1A4B817461B8F0000414B</key>
		<dict>
			<key>fileEncoding</key>
			<string>4</string>
			<key>isa</key>
			<string>PBXFileReference</string>
			<key>lastKnownFileType</key>
			<string>sourcecode.c.h</string>
			<key>path</key>
			<string>Texture.h</string>
			<key>sourceTree</key>
			<string>&lt;group&gt;</string>
		</dict>
		<key>70D1A4B917461B8F0000414B</key>
		<dict>
			<key>fileEncoding</key>
			<string>4</string>
			<key>isa</key>
			<string>PBXFileReference</string>
			<key>lastKnownFileType</key>
			<string>sourcecode.c.objc</string>
			<key>path</key>
			<string>Texture.m</string>
			<key>sourceTree</key>
			<string>&lt;group&gt;</string>
		</dict>
		<key>70D1A4BA17461B8F0000414B</key>
		<dict>
			<key>fileRef</key>
			<string>70D1A4B917461B8F0000414B</string>
			<key>isa</key>
			<string>PBXBuildFile</string>
		</dict>
		<key>70D1A4BB17461B8F0000414B</key>
		<dict>
			<key>fileRef</key>
			<string>70D1A4B917461B8F0000414B</string>
			<key>isa</key>
			<string>PBXBuildFile</string>
		</dict>
		<key>70F49A9A17473F5600E57E1E</key>
		<dict>
			<key>children</key>
			<array>
				<string>70F49A9B17473F7600E57E1E</string>
				<string>70F49A9C17473F7600E57E1E</string>
				<string>7077D79917679BFB00253AB8</string>
				<string>7077D79A17679BFB00253AB8</string>
				<string>7066D0C717692B4A006F00A1</string>
				<string>7066D0C817692B4A006F00A1</string>
			</array>
			<key>isa</key>
			<string>PBXGroup</string>
			<key>path</key>
			<string>objects</string>
			<key>sourceTree</key>
			<string>&lt;group&gt;</string>
		</dict>
		<key>70F49A9B17473F7600E57E1E</key>
		<dict>
			<key>fileEncoding</key>
			<string>4</string>
			<key>isa</key>
			<string>PBXFileReference</string>
			<key>lastKnownFileType</key>
			<string>sourcecode.c.h</string>
			<key>path</key>
			<string>Plane.h</string>
			<key>sourceTree</key>
			<string>&lt;group&gt;</string>
		</dict>
		<key>70F49A9C17473F7600E57E1E</key>
		<dict>
			<key>fileEncoding</key>
			<string>4</string>
			<key>isa</key>
			<string>PBXFileReference</string>
			<key>lastKnownFileType</key>
			<string>sourcecode.c.objc</string>
			<key>path</key>
			<string>Plane.m</string>
			<key>sourceTree</key>
			<string>&lt;group&gt;</string>
		</dict>
		<key>70F49A9D17473F7600E57E1E</key>
		<dict>
			<key>fileRef</key>
			<string>70F49A9C17473F7600E57E1E</string>
			<key>isa</key>
			<string>PBXBuildFile</string>
		</dict>
		<key>98A4D028B5F04F76862D2B6C</key>
		<dict>
			<key>buildActionMask</key>
			<string>2147483647</string>
			<key>files</key>
			<array/>
			<key>inputPaths</key>
			<array/>
			<key>isa</key>
			<string>PBXShellScriptBuildPhase</string>
			<key>name</key>
			<string>Check Pods Manifest.lock</string>
			<key>outputPaths</key>
			<array/>
			<key>runOnlyForDeploymentPostprocessing</key>
			<string>0</string>
			<key>shellPath</key>
			<string>/bin/sh</string>
			<key>shellScript</key>
			<string>diff "${PODS_ROOT}/../Podfile.lock" "${PODS_ROOT}/Manifest.lock" &gt; /dev/null
if [[ $? != 0 ]] ; then
    cat &lt;&lt; EOM
error: The sandbox is not in sync with the Podfile.lock. Run 'pod install' or update your CocoaPods installation.
EOM
    exit 1
fi
</string>
			<key>showEnvVarsInLog</key>
			<string>1</string>
		</dict>
		<key>A3A18B788A0B499B80E373EE</key>
		<dict>
			<key>buildActionMask</key>
			<string>2147483647</string>
			<key>files</key>
			<array/>
			<key>inputPaths</key>
			<array/>
			<key>isa</key>
			<string>PBXShellScriptBuildPhase</string>
			<key>name</key>
			<string>Copy Pods Resources</string>
			<key>outputPaths</key>
			<array/>
			<key>runOnlyForDeploymentPostprocessing</key>
			<string>0</string>
			<key>shellPath</key>
			<string>/bin/sh</string>
			<key>shellScript</key>
			<string>"${SRCROOT}/Pods/Pods-resources.sh"
</string>
			<key>showEnvVarsInLog</key>
			<string>1</string>
		</dict>
		<key>AFBB1C1E17974A54BF77B757</key>
		<dict>
			<key>explicitFileType</key>
			<string>archive.ar</string>
			<key>includeInIndex</key>
			<string>0</string>
			<key>isa</key>
			<string>PBXFileReference</string>
			<key>name</key>
			<string>libPods.a</string>
			<key>path</key>
			<string>libPods.a</string>
			<key>sourceTree</key>
			<string>BUILT_PRODUCTS_DIR</string>
		</dict>
		<key>E2521E7B93904783B82FD7BE</key>
		<dict>
			<key>fileRef</key>
			<string>AFBB1C1E17974A54BF77B757</string>
			<key>isa</key>
			<string>PBXBuildFile</string>
			<key>settings</key>
			<dict/>
		</dict>
	</dict>
	<key>rootObject</key>
	<string>70C23C33173EAE5300F54D6C</string>
</dict>
</plist>
