// !$*UTF8*$!
{
	archiveVersion = 1;
	classes = {
	};
	objectVersion = 46;
	objects = {

/* Begin PBXBuildFile section */
		700D8332175436E2008EB568 /* fire_shader.vert in Resources */ = {isa = PBXBuildFile; fileRef = 70BC97441752F93C0094D469 /* fire_shader.vert */; };
		700D8333175436E2008EB568 /* fire_shader.frag in Resources */ = {isa = PBXBuildFile; fileRef = 70BC97461752F9480094D469 /* fire_shader.frag */; };
		701AD2E41743095F00CC4571 /* GLKit.framework in Frameworks */ = {isa = PBXBuildFile; fileRef = 701AD2E21743095F00CC4571 /* GLKit.framework */; };
		701AD2E51743095F00CC4571 /* OpenGLES.framework in Frameworks */ = {isa = PBXBuildFile; fileRef = 701AD2E31743095F00CC4571 /* OpenGLES.framework */; };
		701AD2E61743097600CC4571 /* UIFXView.m in Sources */ = {isa = PBXBuildFile; fileRef = 70C23C87173EB48D00F54D6C /* UIFXView.m */; };
		701AD2E71743097E00CC4571 /* UIFXBaseEffect.m in Sources */ = {isa = PBXBuildFile; fileRef = 70C23C8A173EB4C500F54D6C /* UIFXBaseEffect.m */; };
		706D255F1748621D00F12908 /* ripple_shader.vert in Resources */ = {isa = PBXBuildFile; fileRef = 706D255B1748605E00F12908 /* ripple_shader.vert */; };
		706D25601748621D00F12908 /* ripple_shader.frag in Resources */ = {isa = PBXBuildFile; fileRef = 706D255D1748607200F12908 /* ripple_shader.frag */; };
		7077D79B17679BFB00253AB8 /* HorzStripPlane.m in Sources */ = {isa = PBXBuildFile; fileRef = 7077D79A17679BFB00253AB8 /* HorzStripPlane.m */; };
		7077D79F1767CC2000253AB8 /* VenetianEffect.m in Sources */ = {isa = PBXBuildFile; fileRef = 7077D79E1767CC2000253AB8 /* VenetianEffect.m */; };
		707B6986174C90E400AB915C /* texture2.jpg in Resources */ = {isa = PBXBuildFile; fileRef = 707B6985174C90E400AB915C /* texture2.jpg */; };
		70BC97401752F83F0094D469 /* burn_map.png in Resources */ = {isa = PBXBuildFile; fileRef = 70BC973F1752F83F0094D469 /* burn_map.png */; };
		70BC97431752F8580094D469 /* FireEffect.m in Sources */ = {isa = PBXBuildFile; fileRef = 70BC97421752F8580094D469 /* FireEffect.m */; };
		70C23C3F173EAE5300F54D6C /* UIKit.framework in Frameworks */ = {isa = PBXBuildFile; fileRef = 70C23C3E173EAE5300F54D6C /* UIKit.framework */; };
		70C23C41173EAE5300F54D6C /* Foundation.framework in Frameworks */ = {isa = PBXBuildFile; fileRef = 70C23C40173EAE5300F54D6C /* Foundation.framework */; };
		70C23C43173EAE5300F54D6C /* CoreGraphics.framework in Frameworks */ = {isa = PBXBuildFile; fileRef = 70C23C42173EAE5300F54D6C /* CoreGraphics.framework */; };
		70C23C49173EAE5300F54D6C /* InfoPlist.strings in Resources */ = {isa = PBXBuildFile; fileRef = 70C23C47173EAE5300F54D6C /* InfoPlist.strings */; };
		70C23C4B173EAE5300F54D6C /* main.m in Sources */ = {isa = PBXBuildFile; fileRef = 70C23C4A173EAE5300F54D6C /* main.m */; };
		70C23C4F173EAE5300F54D6C /* UIFXAppDelegate.m in Sources */ = {isa = PBXBuildFile; fileRef = 70C23C4E173EAE5300F54D6C /* UIFXAppDelegate.m */; };
		70C23C51173EAE5300F54D6C /* Default.png in Resources */ = {isa = PBXBuildFile; fileRef = 70C23C50173EAE5300F54D6C /* Default.png */; };
		70C23C53173EAE5300F54D6C /* Default@2x.png in Resources */ = {isa = PBXBuildFile; fileRef = 70C23C52173EAE5300F54D6C /* Default@2x.png */; };
		70C23C55173EAE5300F54D6C /* Default-568h@2x.png in Resources */ = {isa = PBXBuildFile; fileRef = 70C23C54173EAE5300F54D6C /* Default-568h@2x.png */; };
		70C23C5D173EAE5300F54D6C /* SenTestingKit.framework in Frameworks */ = {isa = PBXBuildFile; fileRef = 70C23C5C173EAE5300F54D6C /* SenTestingKit.framework */; };
		70C23C5E173EAE5300F54D6C /* UIKit.framework in Frameworks */ = {isa = PBXBuildFile; fileRef = 70C23C3E173EAE5300F54D6C /* UIKit.framework */; };
		70C23C5F173EAE5300F54D6C /* Foundation.framework in Frameworks */ = {isa = PBXBuildFile; fileRef = 70C23C40173EAE5300F54D6C /* Foundation.framework */; };
		70C23C67173EAE5300F54D6C /* InfoPlist.strings in Resources */ = {isa = PBXBuildFile; fileRef = 70C23C65173EAE5300F54D6C /* InfoPlist.strings */; };
		70C23C6A173EAE5300F54D6C /* UIFXKitTests.m in Sources */ = {isa = PBXBuildFile; fileRef = 70C23C69173EAE5300F54D6C /* UIFXKitTests.m */; };
		70C23C76173EAF2F00F54D6C /* Shader.m in Sources */ = {isa = PBXBuildFile; fileRef = 70C23C75173EAF2F00F54D6C /* Shader.m */; };
		70C23C79173EB40300F54D6C /* UIFXWindow.m in Sources */ = {isa = PBXBuildFile; fileRef = 70C23C78173EB40300F54D6C /* UIFXWindow.m */; };
		70C23C7F173EB45A00F54D6C /* glMath.c in Sources */ = {isa = PBXBuildFile; fileRef = 70C23C7B173EB45A00F54D6C /* glMath.c */; };
		70C23C80173EB45A00F54D6C /* glMath.c in Sources */ = {isa = PBXBuildFile; fileRef = 70C23C7B173EB45A00F54D6C /* glMath.c */; };
		70C23C81173EB45A00F54D6C /* UIView+ImageRender.m in Sources */ = {isa = PBXBuildFile; fileRef = 70C23C7E173EB45A00F54D6C /* UIView+ImageRender.m */; };
		70C23C82173EB45A00F54D6C /* UIView+ImageRender.m in Sources */ = {isa = PBXBuildFile; fileRef = 70C23C7E173EB45A00F54D6C /* UIView+ImageRender.m */; };
		70C23C83173EB46E00F54D6C /* UIFXAppDelegate.m in Sources */ = {isa = PBXBuildFile; fileRef = 70C23C4E173EAE5300F54D6C /* UIFXAppDelegate.m */; };
		70C23C84173EB47000F54D6C /* UIFXWindow.m in Sources */ = {isa = PBXBuildFile; fileRef = 70C23C78173EB40300F54D6C /* UIFXWindow.m */; };
		70C23C85173EB47000F54D6C /* Shader.m in Sources */ = {isa = PBXBuildFile; fileRef = 70C23C75173EAF2F00F54D6C /* Shader.m */; };
		70C23C88173EB48D00F54D6C /* UIFXView.m in Sources */ = {isa = PBXBuildFile; fileRef = 70C23C87173EB48D00F54D6C /* UIFXView.m */; };
		70C23C8B173EB4C500F54D6C /* UIFXBaseEffect.m in Sources */ = {isa = PBXBuildFile; fileRef = 70C23C8A173EB4C500F54D6C /* UIFXBaseEffect.m */; };
		70D1A4921745E08D0000414B /* MainStoryboard.storyboard in Resources */ = {isa = PBXBuildFile; fileRef = 70D1A4911745E08D0000414B /* MainStoryboard.storyboard */; };
		70D1A4991745F07B0000414B /* UIFXSegue.m in Sources */ = {isa = PBXBuildFile; fileRef = 70D1A4981745F07B0000414B /* UIFXSegue.m */; };
		70D1A49C1745F2D50000414B /* TransitionEffect.m in Sources */ = {isa = PBXBuildFile; fileRef = 70D1A49B1745F2D50000414B /* TransitionEffect.m */; };
		70D1A4A01745F4360000414B /* LandingPageViewController.m in Sources */ = {isa = PBXBuildFile; fileRef = 70D1A49F1745F4360000414B /* LandingPageViewController.m */; };
		70D1A4A41745F49F0000414B /* RippleEffect.m in Sources */ = {isa = PBXBuildFile; fileRef = 70D1A4A31745F49F0000414B /* RippleEffect.m */; };
		70D1A4A81745F4EF0000414B /* TestEffect.m in Sources */ = {isa = PBXBuildFile; fileRef = 70D1A4A71745F4EF0000414B /* TestEffect.m */; };
		70D1A4AA17460A8C0000414B /* QuartzCore.framework in Frameworks */ = {isa = PBXBuildFile; fileRef = 70D1A4A917460A8C0000414B /* QuartzCore.framework */; };
		70D1A4B21746109B0000414B /* VertexBuffer.m in Sources */ = {isa = PBXBuildFile; fileRef = 70D1A4AD1746109B0000414B /* VertexBuffer.m */; };
		70D1A4B31746109B0000414B /* VertexBuffer.m in Sources */ = {isa = PBXBuildFile; fileRef = 70D1A4AD1746109B0000414B /* VertexBuffer.m */; };
		70D1A4B41746109B0000414B /* Model3D.m in Sources */ = {isa = PBXBuildFile; fileRef = 70D1A4AF1746109B0000414B /* Model3D.m */; };
		70D1A4B51746109B0000414B /* Model3D.m in Sources */ = {isa = PBXBuildFile; fileRef = 70D1A4AF1746109B0000414B /* Model3D.m */; };
		70D1A4B61746109B0000414B /* SceneGraph.m in Sources */ = {isa = PBXBuildFile; fileRef = 70D1A4B11746109B0000414B /* SceneGraph.m */; };
		70D1A4B71746109B0000414B /* SceneGraph.m in Sources */ = {isa = PBXBuildFile; fileRef = 70D1A4B11746109B0000414B /* SceneGraph.m */; };
		70D1A4BA17461B8F0000414B /* Texture.m in Sources */ = {isa = PBXBuildFile; fileRef = 70D1A4B917461B8F0000414B /* Texture.m */; };
		70D1A4BB17461B8F0000414B /* Texture.m in Sources */ = {isa = PBXBuildFile; fileRef = 70D1A4B917461B8F0000414B /* Texture.m */; };
		70F49A9D17473F7600E57E1E /* Plane.m in Sources */ = {isa = PBXBuildFile; fileRef = 70F49A9C17473F7600E57E1E /* Plane.m */; };
/* End PBXBuildFile section */

/* Begin PBXContainerItemProxy section */
		70C23C60173EAE5300F54D6C /* PBXContainerItemProxy */ = {
			isa = PBXContainerItemProxy;
			containerPortal = 70C23C33173EAE5300F54D6C /* Project object */;
			proxyType = 1;
			remoteGlobalIDString = 70C23C3A173EAE5300F54D6C;
			remoteInfo = UIFXKit;
		};
/* End PBXContainerItemProxy section */

/* Begin PBXFileReference section */
		701AD2E21743095F00CC4571 /* GLKit.framework */ = {isa = PBXFileReference; lastKnownFileType = wrapper.framework; name = GLKit.framework; path = System/Library/Frameworks/GLKit.framework; sourceTree = SDKROOT; };
		701AD2E31743095F00CC4571 /* OpenGLES.framework */ = {isa = PBXFileReference; lastKnownFileType = wrapper.framework; name = OpenGLES.framework; path = System/Library/Frameworks/OpenGLES.framework; sourceTree = SDKROOT; };
		706D255A1748582600F12908 /* Constants.h */ = {isa = PBXFileReference; fileEncoding = 4; lastKnownFileType = sourcecode.c.h; path = Constants.h; sourceTree = "<group>"; };
		706D255B1748605E00F12908 /* ripple_shader.vert */ = {isa = PBXFileReference; explicitFileType = sourcecode.glsl; fileEncoding = 4; path = ripple_shader.vert; sourceTree = "<group>"; };
		706D255D1748607200F12908 /* ripple_shader.frag */ = {isa = PBXFileReference; explicitFileType = sourcecode.glsl; fileEncoding = 4; path = ripple_shader.frag; sourceTree = "<group>"; };
		7077D79917679BFB00253AB8 /* HorzStripPlane.h */ = {isa = PBXFileReference; fileEncoding = 4; lastKnownFileType = sourcecode.c.h; path = HorzStripPlane.h; sourceTree = "<group>"; };
		7077D79A17679BFB00253AB8 /* HorzStripPlane.m */ = {isa = PBXFileReference; fileEncoding = 4; lastKnownFileType = sourcecode.c.objc; path = HorzStripPlane.m; sourceTree = "<group>"; };
		7077D79D1767CC2000253AB8 /* VenetianEffect.h */ = {isa = PBXFileReference; fileEncoding = 4; lastKnownFileType = sourcecode.c.h; path = VenetianEffect.h; sourceTree = "<group>"; };
		7077D79E1767CC2000253AB8 /* VenetianEffect.m */ = {isa = PBXFileReference; fileEncoding = 4; lastKnownFileType = sourcecode.c.objc; path = VenetianEffect.m; sourceTree = "<group>"; };
		707B6985174C90E400AB915C /* texture2.jpg */ = {isa = PBXFileReference; lastKnownFileType = image.jpeg; path = texture2.jpg; sourceTree = "<group>"; };
		70BC973F1752F83F0094D469 /* burn_map.png */ = {isa = PBXFileReference; lastKnownFileType = image.png; path = burn_map.png; sourceTree = "<group>"; };
		70BC97411752F8580094D469 /* FireEffect.h */ = {isa = PBXFileReference; fileEncoding = 4; lastKnownFileType = sourcecode.c.h; path = FireEffect.h; sourceTree = "<group>"; };
		70BC97421752F8580094D469 /* FireEffect.m */ = {isa = PBXFileReference; fileEncoding = 4; lastKnownFileType = sourcecode.c.objc; path = FireEffect.m; sourceTree = "<group>"; };
		70BC97441752F93C0094D469 /* fire_shader.vert */ = {isa = PBXFileReference; explicitFileType = sourcecode.glsl; fileEncoding = 4; path = fire_shader.vert; sourceTree = "<group>"; };
		70BC97461752F9480094D469 /* fire_shader.frag */ = {isa = PBXFileReference; explicitFileType = sourcecode.glsl; fileEncoding = 4; path = fire_shader.frag; sourceTree = "<group>"; };
		70C23C3B173EAE5300F54D6C /* UIFXKit.app */ = {isa = PBXFileReference; explicitFileType = wrapper.application; includeInIndex = 0; path = UIFXKit.app; sourceTree = BUILT_PRODUCTS_DIR; };
		70C23C3E173EAE5300F54D6C /* UIKit.framework */ = {isa = PBXFileReference; lastKnownFileType = wrapper.framework; name = UIKit.framework; path = System/Library/Frameworks/UIKit.framework; sourceTree = SDKROOT; };
		70C23C40173EAE5300F54D6C /* Foundation.framework */ = {isa = PBXFileReference; lastKnownFileType = wrapper.framework; name = Foundation.framework; path = System/Library/Frameworks/Foundation.framework; sourceTree = SDKROOT; };
		70C23C42173EAE5300F54D6C /* CoreGraphics.framework */ = {isa = PBXFileReference; lastKnownFileType = wrapper.framework; name = CoreGraphics.framework; path = System/Library/Frameworks/CoreGraphics.framework; sourceTree = SDKROOT; };
		70C23C46173EAE5300F54D6C /* UIFXKit-Info.plist */ = {isa = PBXFileReference; lastKnownFileType = text.plist.xml; path = "UIFXKit-Info.plist"; sourceTree = "<group>"; };
		70C23C48173EAE5300F54D6C /* en */ = {isa = PBXFileReference; lastKnownFileType = text.plist.strings; name = en; path = en.lproj/InfoPlist.strings; sourceTree = "<group>"; };
		70C23C4A173EAE5300F54D6C /* main.m */ = {isa = PBXFileReference; lastKnownFileType = sourcecode.c.objc; path = main.m; sourceTree = "<group>"; };
		70C23C4C173EAE5300F54D6C /* UIFXKit-Prefix.pch */ = {isa = PBXFileReference; lastKnownFileType = sourcecode.c.h; path = "UIFXKit-Prefix.pch"; sourceTree = "<group>"; };
		70C23C4D173EAE5300F54D6C /* UIFXAppDelegate.h */ = {isa = PBXFileReference; lastKnownFileType = sourcecode.c.h; path = UIFXAppDelegate.h; sourceTree = "<group>"; };
		70C23C4E173EAE5300F54D6C /* UIFXAppDelegate.m */ = {isa = PBXFileReference; lastKnownFileType = sourcecode.c.objc; path = UIFXAppDelegate.m; sourceTree = "<group>"; };
		70C23C50173EAE5300F54D6C /* Default.png */ = {isa = PBXFileReference; lastKnownFileType = image.png; path = Default.png; sourceTree = "<group>"; };
		70C23C52173EAE5300F54D6C /* Default@2x.png */ = {isa = PBXFileReference; lastKnownFileType = image.png; path = "Default@2x.png"; sourceTree = "<group>"; };
		70C23C54173EAE5300F54D6C /* Default-568h@2x.png */ = {isa = PBXFileReference; lastKnownFileType = image.png; path = "Default-568h@2x.png"; sourceTree = "<group>"; };
		70C23C5B173EAE5300F54D6C /* UIFXKitTests.octest */ = {isa = PBXFileReference; explicitFileType = wrapper.cfbundle; includeInIndex = 0; path = UIFXKitTests.octest; sourceTree = BUILT_PRODUCTS_DIR; };
		70C23C5C173EAE5300F54D6C /* SenTestingKit.framework */ = {isa = PBXFileReference; lastKnownFileType = wrapper.framework; name = SenTestingKit.framework; path = Library/Frameworks/SenTestingKit.framework; sourceTree = DEVELOPER_DIR; };
		70C23C64173EAE5300F54D6C /* UIFXKitTests-Info.plist */ = {isa = PBXFileReference; lastKnownFileType = text.plist.xml; path = "UIFXKitTests-Info.plist"; sourceTree = "<group>"; };
		70C23C66173EAE5300F54D6C /* en */ = {isa = PBXFileReference; lastKnownFileType = text.plist.strings; name = en; path = en.lproj/InfoPlist.strings; sourceTree = "<group>"; };
		70C23C68173EAE5300F54D6C /* UIFXKitTests.h */ = {isa = PBXFileReference; lastKnownFileType = sourcecode.c.h; path = UIFXKitTests.h; sourceTree = "<group>"; };
		70C23C69173EAE5300F54D6C /* UIFXKitTests.m */ = {isa = PBXFileReference; lastKnownFileType = sourcecode.c.objc; path = UIFXKitTests.m; sourceTree = "<group>"; };
		70C23C74173EAF2F00F54D6C /* Shader.h */ = {isa = PBXFileReference; fileEncoding = 4; lastKnownFileType = sourcecode.c.h; path = Shader.h; sourceTree = "<group>"; };
		70C23C75173EAF2F00F54D6C /* Shader.m */ = {isa = PBXFileReference; fileEncoding = 4; lastKnownFileType = sourcecode.c.objc; path = Shader.m; sourceTree = "<group>"; };
		70C23C77173EB40300F54D6C /* UIFXWindow.h */ = {isa = PBXFileReference; fileEncoding = 4; lastKnownFileType = sourcecode.c.h; path = UIFXWindow.h; sourceTree = "<group>"; };
		70C23C78173EB40300F54D6C /* UIFXWindow.m */ = {isa = PBXFileReference; fileEncoding = 4; lastKnownFileType = sourcecode.c.objc; path = UIFXWindow.m; sourceTree = "<group>"; };
		70C23C7B173EB45A00F54D6C /* glMath.c */ = {isa = PBXFileReference; fileEncoding = 4; lastKnownFileType = sourcecode.c.c; path = glMath.c; sourceTree = "<group>"; };
		70C23C7C173EB45A00F54D6C /* glMath.h */ = {isa = PBXFileReference; fileEncoding = 4; lastKnownFileType = sourcecode.c.h; path = glMath.h; sourceTree = "<group>"; };
		70C23C7D173EB45A00F54D6C /* UIView+ImageRender.h */ = {isa = PBXFileReference; fileEncoding = 4; lastKnownFileType = sourcecode.c.h; path = "UIView+ImageRender.h"; sourceTree = "<group>"; };
		70C23C7E173EB45A00F54D6C /* UIView+ImageRender.m */ = {isa = PBXFileReference; fileEncoding = 4; lastKnownFileType = sourcecode.c.objc; path = "UIView+ImageRender.m"; sourceTree = "<group>"; };
		70C23C86173EB48D00F54D6C /* UIFXView.h */ = {isa = PBXFileReference; fileEncoding = 4; lastKnownFileType = sourcecode.c.h; path = UIFXView.h; sourceTree = "<group>"; };
		70C23C87173EB48D00F54D6C /* UIFXView.m */ = {isa = PBXFileReference; fileEncoding = 4; lastKnownFileType = sourcecode.c.objc; path = UIFXView.m; sourceTree = "<group>"; };
		70C23C89173EB4C500F54D6C /* UIFXBaseEffect.h */ = {isa = PBXFileReference; fileEncoding = 4; lastKnownFileType = sourcecode.c.h; path = UIFXBaseEffect.h; sourceTree = "<group>"; };
		70C23C8A173EB4C500F54D6C /* UIFXBaseEffect.m */ = {isa = PBXFileReference; fileEncoding = 4; lastKnownFileType = sourcecode.c.objc; path = UIFXBaseEffect.m; sourceTree = "<group>"; };
		70D1A4911745E08D0000414B /* MainStoryboard.storyboard */ = {isa = PBXFileReference; fileEncoding = 4; lastKnownFileType = file.storyboard; path = MainStoryboard.storyboard; sourceTree = "<group>"; };
		70D1A4971745F07B0000414B /* UIFXSegue.h */ = {isa = PBXFileReference; fileEncoding = 4; lastKnownFileType = sourcecode.c.h; path = UIFXSegue.h; sourceTree = "<group>"; };
		70D1A4981745F07B0000414B /* UIFXSegue.m */ = {isa = PBXFileReference; fileEncoding = 4; lastKnownFileType = sourcecode.c.objc; path = UIFXSegue.m; sourceTree = "<group>"; };
		70D1A49A1745F2D50000414B /* TransitionEffect.h */ = {isa = PBXFileReference; fileEncoding = 4; lastKnownFileType = sourcecode.c.h; name = TransitionEffect.h; path = UIFXKit/effects/TransitionEffect.h; sourceTree = SOURCE_ROOT; };
		70D1A49B1745F2D50000414B /* TransitionEffect.m */ = {isa = PBXFileReference; fileEncoding = 4; lastKnownFileType = sourcecode.c.objc; name = TransitionEffect.m; path = UIFXKit/effects/TransitionEffect.m; sourceTree = SOURCE_ROOT; };
		70D1A49E1745F4360000414B /* LandingPageViewController.h */ = {isa = PBXFileReference; fileEncoding = 4; lastKnownFileType = sourcecode.c.h; path = LandingPageViewController.h; sourceTree = "<group>"; };
		70D1A49F1745F4360000414B /* LandingPageViewController.m */ = {isa = PBXFileReference; fileEncoding = 4; lastKnownFileType = sourcecode.c.objc; path = LandingPageViewController.m; sourceTree = "<group>"; };
		70D1A4A21745F49F0000414B /* RippleEffect.h */ = {isa = PBXFileReference; fileEncoding = 4; lastKnownFileType = sourcecode.c.h; path = RippleEffect.h; sourceTree = "<group>"; };
		70D1A4A31745F49F0000414B /* RippleEffect.m */ = {isa = PBXFileReference; fileEncoding = 4; lastKnownFileType = sourcecode.c.objc; path = RippleEffect.m; sourceTree = "<group>"; };
		70D1A4A61745F4EF0000414B /* TestEffect.h */ = {isa = PBXFileReference; fileEncoding = 4; lastKnownFileType = sourcecode.c.h; path = TestEffect.h; sourceTree = "<group>"; };
		70D1A4A71745F4EF0000414B /* TestEffect.m */ = {isa = PBXFileReference; fileEncoding = 4; lastKnownFileType = sourcecode.c.objc; path = TestEffect.m; sourceTree = "<group>"; };
		70D1A4A917460A8C0000414B /* QuartzCore.framework */ = {isa = PBXFileReference; lastKnownFileType = wrapper.framework; name = QuartzCore.framework; path = System/Library/Frameworks/QuartzCore.framework; sourceTree = SDKROOT; };
		70D1A4AC1746109B0000414B /* VertexBuffer.h */ = {isa = PBXFileReference; fileEncoding = 4; lastKnownFileType = sourcecode.c.h; path = VertexBuffer.h; sourceTree = "<group>"; };
		70D1A4AD1746109B0000414B /* VertexBuffer.m */ = {isa = PBXFileReference; fileEncoding = 4; lastKnownFileType = sourcecode.c.objc; path = VertexBuffer.m; sourceTree = "<group>"; };
		70D1A4AE1746109B0000414B /* Model3D.h */ = {isa = PBXFileReference; fileEncoding = 4; lastKnownFileType = sourcecode.c.h; path = Model3D.h; sourceTree = "<group>"; };
		70D1A4AF1746109B0000414B /* Model3D.m */ = {isa = PBXFileReference; fileEncoding = 4; lastKnownFileType = sourcecode.c.objc; path = Model3D.m; sourceTree = "<group>"; };
		70D1A4B01746109B0000414B /* SceneGraph.h */ = {isa = PBXFileReference; fileEncoding = 4; lastKnownFileType = sourcecode.c.h; path = SceneGraph.h; sourceTree = "<group>"; };
		70D1A4B11746109B0000414B /* SceneGraph.m */ = {isa = PBXFileReference; fileEncoding = 4; lastKnownFileType = sourcecode.c.objc; path = SceneGraph.m; sourceTree = "<group>"; };
		70D1A4B817461B8F0000414B /* Texture.h */ = {isa = PBXFileReference; fileEncoding = 4; lastKnownFileType = sourcecode.c.h; path = Texture.h; sourceTree = "<group>"; };
		70D1A4B917461B8F0000414B /* Texture.m */ = {isa = PBXFileReference; fileEncoding = 4; lastKnownFileType = sourcecode.c.objc; path = Texture.m; sourceTree = "<group>"; };
		70F49A9B17473F7600E57E1E /* Plane.h */ = {isa = PBXFileReference; fileEncoding = 4; lastKnownFileType = sourcecode.c.h; path = Plane.h; sourceTree = "<group>"; };
		70F49A9C17473F7600E57E1E /* Plane.m */ = {isa = PBXFileReference; fileEncoding = 4; lastKnownFileType = sourcecode.c.objc; path = Plane.m; sourceTree = "<group>"; };
/* End PBXFileReference section */

/* Begin PBXFrameworksBuildPhase section */
		70C23C38173EAE5300F54D6C /* Frameworks */ = {
			isa = PBXFrameworksBuildPhase;
			buildActionMask = 2147483647;
			files = (
				70D1A4AA17460A8C0000414B /* QuartzCore.framework in Frameworks */,
				701AD2E41743095F00CC4571 /* GLKit.framework in Frameworks */,
				701AD2E51743095F00CC4571 /* OpenGLES.framework in Frameworks */,
				70C23C3F173EAE5300F54D6C /* UIKit.framework in Frameworks */,
				70C23C41173EAE5300F54D6C /* Foundation.framework in Frameworks */,
				70C23C43173EAE5300F54D6C /* CoreGraphics.framework in Frameworks */,
			);
			runOnlyForDeploymentPostprocessing = 0;
		};
		70C23C57173EAE5300F54D6C /* Frameworks */ = {
			isa = PBXFrameworksBuildPhase;
			buildActionMask = 2147483647;
			files = (
				70C23C5D173EAE5300F54D6C /* SenTestingKit.framework in Frameworks */,
				70C23C5E173EAE5300F54D6C /* UIKit.framework in Frameworks */,
				70C23C5F173EAE5300F54D6C /* Foundation.framework in Frameworks */,
			);
			runOnlyForDeploymentPostprocessing = 0;
		};
/* End PBXFrameworksBuildPhase section */

/* Begin PBXGroup section */
		7077D79C1767CBCD00253AB8 /* venetian */ = {
			isa = PBXGroup;
			children = (
				7077D79D1767CC2000253AB8 /* VenetianEffect.h */,
				7077D79E1767CC2000253AB8 /* VenetianEffect.m */,
			);
			path = venetian;
			sourceTree = "<group>";
		};
		70BC973E1752F8190094D469 /* fire */ = {
			isa = PBXGroup;
			children = (
				70BC973F1752F83F0094D469 /* burn_map.png */,
				70BC97411752F8580094D469 /* FireEffect.h */,
				70BC97421752F8580094D469 /* FireEffect.m */,
				70BC97441752F93C0094D469 /* fire_shader.vert */,
				70BC97461752F9480094D469 /* fire_shader.frag */,
			);
			path = fire;
			sourceTree = "<group>";
		};
		70C23C32173EAE5300F54D6C = {
			isa = PBXGroup;
			children = (
				70C23C73173EAEFA00F54D6C /* examples */,
				70C23C44173EAE5300F54D6C /* UIFXKit */,
				70C23C62173EAE5300F54D6C /* UIFXKitTests */,
				70C23C3D173EAE5300F54D6C /* Frameworks */,
				70C23C3C173EAE5300F54D6C /* Products */,
			);
			sourceTree = "<group>";
		};
		70C23C3C173EAE5300F54D6C /* Products */ = {
			isa = PBXGroup;
			children = (
				70C23C3B173EAE5300F54D6C /* UIFXKit.app */,
				70C23C5B173EAE5300F54D6C /* UIFXKitTests.octest */,
			);
			name = Products;
			sourceTree = "<group>";
		};
		70C23C3D173EAE5300F54D6C /* Frameworks */ = {
			isa = PBXGroup;
			children = (
				70D1A4A917460A8C0000414B /* QuartzCore.framework */,
				701AD2E21743095F00CC4571 /* GLKit.framework */,
				701AD2E31743095F00CC4571 /* OpenGLES.framework */,
				70C23C3E173EAE5300F54D6C /* UIKit.framework */,
				70C23C40173EAE5300F54D6C /* Foundation.framework */,
				70C23C42173EAE5300F54D6C /* CoreGraphics.framework */,
				70C23C5C173EAE5300F54D6C /* SenTestingKit.framework */,
			);
			name = Frameworks;
			sourceTree = "<group>";
		};
		70C23C44173EAE5300F54D6C /* UIFXKit */ = {
			isa = PBXGroup;
			children = (
				70D1A4AB174610670000414B /* gl */,
				70D1A4931745EF800000414B /* effects */,
				70C23C7A173EB43400F54D6C /* util */,
				70C23C77173EB40300F54D6C /* UIFXWindow.h */,
				70C23C78173EB40300F54D6C /* UIFXWindow.m */,
				70C23C86173EB48D00F54D6C /* UIFXView.h */,
				70C23C87173EB48D00F54D6C /* UIFXView.m */,
				70C23C89173EB4C500F54D6C /* UIFXBaseEffect.h */,
				70C23C8A173EB4C500F54D6C /* UIFXBaseEffect.m */,
				70C23C4D173EAE5300F54D6C /* UIFXAppDelegate.h */,
				70C23C4E173EAE5300F54D6C /* UIFXAppDelegate.m */,
				70D1A4971745F07B0000414B /* UIFXSegue.h */,
				70D1A4981745F07B0000414B /* UIFXSegue.m */,
				70C23C45173EAE5300F54D6C /* Supporting Files */,
			);
			path = UIFXKit;
			sourceTree = "<group>";
		};
		70C23C45173EAE5300F54D6C /* Supporting Files */ = {
			isa = PBXGroup;
			children = (
				70C23C46173EAE5300F54D6C /* UIFXKit-Info.plist */,
				70C23C47173EAE5300F54D6C /* InfoPlist.strings */,
				70C23C4A173EAE5300F54D6C /* main.m */,
				70C23C4C173EAE5300F54D6C /* UIFXKit-Prefix.pch */,
				70C23C50173EAE5300F54D6C /* Default.png */,
				70C23C52173EAE5300F54D6C /* Default@2x.png */,
				70C23C54173EAE5300F54D6C /* Default-568h@2x.png */,
			);
			name = "Supporting Files";
			sourceTree = "<group>";
		};
		70C23C62173EAE5300F54D6C /* UIFXKitTests */ = {
			isa = PBXGroup;
			children = (
				70C23C68173EAE5300F54D6C /* UIFXKitTests.h */,
				70C23C69173EAE5300F54D6C /* UIFXKitTests.m */,
				70C23C63173EAE5300F54D6C /* Supporting Files */,
			);
			path = UIFXKitTests;
			sourceTree = "<group>";
		};
		70C23C63173EAE5300F54D6C /* Supporting Files */ = {
			isa = PBXGroup;
			children = (
				70C23C64173EAE5300F54D6C /* UIFXKitTests-Info.plist */,
				70C23C65173EAE5300F54D6C /* InfoPlist.strings */,
			);
			name = "Supporting Files";
			sourceTree = "<group>";
		};
		70C23C73173EAEFA00F54D6C /* examples */ = {
			isa = PBXGroup;
			children = (
				707B6985174C90E400AB915C /* texture2.jpg */,
				70D1A49D1745F40E0000414B /* src */,
				70D1A4901745E0110000414B /* interfaces */,
			);
			path = examples;
			sourceTree = "<group>";
		};
		70C23C7A173EB43400F54D6C /* util */ = {
			isa = PBXGroup;
			children = (
				70C23C7B173EB45A00F54D6C /* glMath.c */,
				70C23C7C173EB45A00F54D6C /* glMath.h */,
				70C23C7D173EB45A00F54D6C /* UIView+ImageRender.h */,
				70C23C7E173EB45A00F54D6C /* UIView+ImageRender.m */,
				706D255A1748582600F12908 /* Constants.h */,
			);
			path = util;
			sourceTree = "<group>";
		};
		70D1A4901745E0110000414B /* interfaces */ = {
			isa = PBXGroup;
			children = (
				70D1A4911745E08D0000414B /* MainStoryboard.storyboard */,
			);
			path = interfaces;
			sourceTree = "<group>";
		};
		70D1A4931745EF800000414B /* effects */ = {
			isa = PBXGroup;
			children = (
				7077D79C1767CBCD00253AB8 /* venetian */,
				70BC973E1752F8190094D469 /* fire */,
				70D1A4A51745F4C70000414B /* test */,
				70D1A4A11745F47E0000414B /* ripple */,
				70D1A49A1745F2D50000414B /* TransitionEffect.h */,
				70D1A49B1745F2D50000414B /* TransitionEffect.m */,
			);
			path = effects;
			sourceTree = "<group>";
		};
		70D1A49D1745F40E0000414B /* src */ = {
			isa = PBXGroup;
			children = (
				70D1A49E1745F4360000414B /* LandingPageViewController.h */,
				70D1A49F1745F4360000414B /* LandingPageViewController.m */,
			);
			path = src;
			sourceTree = "<group>";
		};
		70D1A4A11745F47E0000414B /* ripple */ = {
			isa = PBXGroup;
			children = (
				70D1A4A21745F49F0000414B /* RippleEffect.h */,
				70D1A4A31745F49F0000414B /* RippleEffect.m */,
				706D255B1748605E00F12908 /* ripple_shader.vert */,
				706D255D1748607200F12908 /* ripple_shader.frag */,
			);
			path = ripple;
			sourceTree = "<group>";
		};
		70D1A4A51745F4C70000414B /* test */ = {
			isa = PBXGroup;
			children = (
				70D1A4A61745F4EF0000414B /* TestEffect.h */,
				70D1A4A71745F4EF0000414B /* TestEffect.m */,
			);
			path = test;
			sourceTree = "<group>";
		};
		70D1A4AB174610670000414B /* gl */ = {
			isa = PBXGroup;
			children = (
				70F49A9A17473F5600E57E1E /* objects */,
				70D1A4AC1746109B0000414B /* VertexBuffer.h */,
				70D1A4AD1746109B0000414B /* VertexBuffer.m */,
				70D1A4AE1746109B0000414B /* Model3D.h */,
				70D1A4AF1746109B0000414B /* Model3D.m */,
				70D1A4B01746109B0000414B /* SceneGraph.h */,
				70D1A4B11746109B0000414B /* SceneGraph.m */,
				70C23C74173EAF2F00F54D6C /* Shader.h */,
				70C23C75173EAF2F00F54D6C /* Shader.m */,
				70D1A4B817461B8F0000414B /* Texture.h */,
				70D1A4B917461B8F0000414B /* Texture.m */,
			);
			path = gl;
			sourceTree = "<group>";
		};
		70F49A9A17473F5600E57E1E /* objects */ = {
			isa = PBXGroup;
			children = (
				70F49A9B17473F7600E57E1E /* Plane.h */,
				70F49A9C17473F7600E57E1E /* Plane.m */,
				7077D79917679BFB00253AB8 /* HorzStripPlane.h */,
				7077D79A17679BFB00253AB8 /* HorzStripPlane.m */,
			);
			path = objects;
			sourceTree = "<group>";
		};
/* End PBXGroup section */

/* Begin PBXNativeTarget section */
		70C23C3A173EAE5300F54D6C /* UIFXKit */ = {
			isa = PBXNativeTarget;
			buildConfigurationList = 70C23C6D173EAE5300F54D6C /* Build configuration list for PBXNativeTarget "UIFXKit" */;
			buildPhases = (
				70C23C37173EAE5300F54D6C /* Sources */,
				70C23C38173EAE5300F54D6C /* Frameworks */,
				70C23C39173EAE5300F54D6C /* Resources */,
			);
			buildRules = (
			);
			dependencies = (
			);
			name = UIFXKit;
			productName = UIFXKit;
			productReference = 70C23C3B173EAE5300F54D6C /* UIFXKit.app */;
			productType = "com.apple.product-type.application";
		};
		70C23C5A173EAE5300F54D6C /* UIFXKitTests */ = {
			isa = PBXNativeTarget;
			buildConfigurationList = 70C23C70173EAE5300F54D6C /* Build configuration list for PBXNativeTarget "UIFXKitTests" */;
			buildPhases = (
				70C23C56173EAE5300F54D6C /* Sources */,
				70C23C57173EAE5300F54D6C /* Frameworks */,
				70C23C58173EAE5300F54D6C /* Resources */,
				70C23C59173EAE5300F54D6C /* ShellScript */,
			);
			buildRules = (
			);
			dependencies = (
				70C23C61173EAE5300F54D6C /* PBXTargetDependency */,
			);
			name = UIFXKitTests;
			productName = UIFXKitTests;
			productReference = 70C23C5B173EAE5300F54D6C /* UIFXKitTests.octest */;
			productType = "com.apple.product-type.bundle";
		};
/* End PBXNativeTarget section */

/* Begin PBXProject section */
		70C23C33173EAE5300F54D6C /* Project object */ = {
			isa = PBXProject;
			attributes = {
				CLASSPREFIX = UIFX;
				LastUpgradeCheck = 0460;
				ORGANIZATIONNAME = "Casselman Consulting";
			};
			buildConfigurationList = 70C23C36173EAE5300F54D6C /* Build configuration list for PBXProject "UIFXKit" */;
			compatibilityVersion = "Xcode 3.2";
			developmentRegion = English;
			hasScannedForEncodings = 0;
			knownRegions = (
				en,
			);
			mainGroup = 70C23C32173EAE5300F54D6C;
			productRefGroup = 70C23C3C173EAE5300F54D6C /* Products */;
			projectDirPath = "";
			projectRoot = "";
			targets = (
				70C23C3A173EAE5300F54D6C /* UIFXKit */,
				70C23C5A173EAE5300F54D6C /* UIFXKitTests */,
			);
		};
/* End PBXProject section */

/* Begin PBXResourcesBuildPhase section */
		70C23C39173EAE5300F54D6C /* Resources */ = {
			isa = PBXResourcesBuildPhase;
			buildActionMask = 2147483647;
			files = (
				700D8332175436E2008EB568 /* fire_shader.vert in Resources */,
				700D8333175436E2008EB568 /* fire_shader.frag in Resources */,
				706D255F1748621D00F12908 /* ripple_shader.vert in Resources */,
				706D25601748621D00F12908 /* ripple_shader.frag in Resources */,
				70C23C49173EAE5300F54D6C /* InfoPlist.strings in Resources */,
				70C23C51173EAE5300F54D6C /* Default.png in Resources */,
				70C23C53173EAE5300F54D6C /* Default@2x.png in Resources */,
				70C23C55173EAE5300F54D6C /* Default-568h@2x.png in Resources */,
				70D1A4921745E08D0000414B /* MainStoryboard.storyboard in Resources */,
				707B6986174C90E400AB915C /* texture2.jpg in Resources */,
				70BC97401752F83F0094D469 /* burn_map.png in Resources */,
			);
			runOnlyForDeploymentPostprocessing = 0;
		};
		70C23C58173EAE5300F54D6C /* Resources */ = {
			isa = PBXResourcesBuildPhase;
			buildActionMask = 2147483647;
			files = (
				70C23C67173EAE5300F54D6C /* InfoPlist.strings in Resources */,
			);
			runOnlyForDeploymentPostprocessing = 0;
		};
/* End PBXResourcesBuildPhase section */

/* Begin PBXShellScriptBuildPhase section */
		70C23C59173EAE5300F54D6C /* ShellScript */ = {
			isa = PBXShellScriptBuildPhase;
			buildActionMask = 2147483647;
			files = (
			);
			inputPaths = (
			);
			outputPaths = (
			);
			runOnlyForDeploymentPostprocessing = 0;
			shellPath = /bin/sh;
			shellScript = "# Run the unit tests in this test bundle.\n\"${SYSTEM_DEVELOPER_DIR}/Tools/RunUnitTests\"\n";
		};
/* End PBXShellScriptBuildPhase section */

/* Begin PBXSourcesBuildPhase section */
		70C23C37173EAE5300F54D6C /* Sources */ = {
			isa = PBXSourcesBuildPhase;
			buildActionMask = 2147483647;
			files = (
				70C23C4B173EAE5300F54D6C /* main.m in Sources */,
				70C23C4F173EAE5300F54D6C /* UIFXAppDelegate.m in Sources */,
				70C23C7F173EB45A00F54D6C /* glMath.c in Sources */,
				70C23C81173EB45A00F54D6C /* UIView+ImageRender.m in Sources */,
				70C23C84173EB47000F54D6C /* UIFXWindow.m in Sources */,
				70C23C85173EB47000F54D6C /* Shader.m in Sources */,
				701AD2E61743097600CC4571 /* UIFXView.m in Sources */,
				701AD2E71743097E00CC4571 /* UIFXBaseEffect.m in Sources */,
				70D1A4991745F07B0000414B /* UIFXSegue.m in Sources */,
				70D1A49C1745F2D50000414B /* TransitionEffect.m in Sources */,
				70D1A4A01745F4360000414B /* LandingPageViewController.m in Sources */,
				70D1A4A41745F49F0000414B /* RippleEffect.m in Sources */,
				70D1A4A81745F4EF0000414B /* TestEffect.m in Sources */,
				70D1A4B21746109B0000414B /* VertexBuffer.m in Sources */,
				70D1A4B41746109B0000414B /* Model3D.m in Sources */,
				70D1A4B61746109B0000414B /* SceneGraph.m in Sources */,
				70D1A4BA17461B8F0000414B /* Texture.m in Sources */,
				70F49A9D17473F7600E57E1E /* Plane.m in Sources */,
				70BC97431752F8580094D469 /* FireEffect.m in Sources */,
				7077D79B17679BFB00253AB8 /* HorzStripPlane.m in Sources */,
				7077D79F1767CC2000253AB8 /* VenetianEffect.m in Sources */,
			);
			runOnlyForDeploymentPostprocessing = 0;
		};
		70C23C56173EAE5300F54D6C /* Sources */ = {
			isa = PBXSourcesBuildPhase;
			buildActionMask = 2147483647;
			files = (
				70C23C6A173EAE5300F54D6C /* UIFXKitTests.m in Sources */,
				70C23C76173EAF2F00F54D6C /* Shader.m in Sources */,
				70C23C79173EB40300F54D6C /* UIFXWindow.m in Sources */,
				70C23C80173EB45A00F54D6C /* glMath.c in Sources */,
				70C23C82173EB45A00F54D6C /* UIView+ImageRender.m in Sources */,
				70C23C83173EB46E00F54D6C /* UIFXAppDelegate.m in Sources */,
				70C23C88173EB48D00F54D6C /* UIFXView.m in Sources */,
				70C23C8B173EB4C500F54D6C /* UIFXBaseEffect.m in Sources */,
				70D1A4B31746109B0000414B /* VertexBuffer.m in Sources */,
				70D1A4B51746109B0000414B /* Model3D.m in Sources */,
				70D1A4B71746109B0000414B /* SceneGraph.m in Sources */,
				70D1A4BB17461B8F0000414B /* Texture.m in Sources */,
			);
			runOnlyForDeploymentPostprocessing = 0;
		};
/* End PBXSourcesBuildPhase section */

/* Begin PBXTargetDependency section */
		70C23C61173EAE5300F54D6C /* PBXTargetDependency */ = {
			isa = PBXTargetDependency;
			target = 70C23C3A173EAE5300F54D6C /* UIFXKit */;
			targetProxy = 70C23C60173EAE5300F54D6C /* PBXContainerItemProxy */;
		};
/* End PBXTargetDependency section */

/* Begin PBXVariantGroup section */
		70C23C47173EAE5300F54D6C /* InfoPlist.strings */ = {
			isa = PBXVariantGroup;
			children = (
				70C23C48173EAE5300F54D6C /* en */,
			);
			name = InfoPlist.strings;
			sourceTree = "<group>";
		};
		70C23C65173EAE5300F54D6C /* InfoPlist.strings */ = {
			isa = PBXVariantGroup;
			children = (
				70C23C66173EAE5300F54D6C /* en */,
			);
			name = InfoPlist.strings;
			sourceTree = "<group>";
		};
/* End PBXVariantGroup section */

/* Begin XCBuildConfiguration section */
		70C23C6B173EAE5300F54D6C /* Debug */ = {
			isa = XCBuildConfiguration;
			buildSettings = {
				ALWAYS_SEARCH_USER_PATHS = NO;
				CLANG_CXX_LANGUAGE_STANDARD = "gnu++0x";
				CLANG_CXX_LIBRARY = "libc++";
				CLANG_ENABLE_OBJC_ARC = YES;
				CLANG_WARN_CONSTANT_CONVERSION = YES;
				CLANG_WARN_EMPTY_BODY = YES;
				CLANG_WARN_ENUM_CONVERSION = YES;
				CLANG_WARN_INT_CONVERSION = YES;
				CLANG_WARN__DUPLICATE_METHOD_MATCH = YES;
				"CODE_SIGN_IDENTITY[sdk=iphoneos*]" = "iPhone Developer";
				COPY_PHASE_STRIP = NO;
				GCC_C_LANGUAGE_STANDARD = gnu99;
				GCC_DYNAMIC_NO_PIC = NO;
				GCC_OPTIMIZATION_LEVEL = 0;
				GCC_PREPROCESSOR_DEFINITIONS = (
					"DEBUG=1",
					"$(inherited)",
				);
				GCC_SYMBOLS_PRIVATE_EXTERN = NO;
				GCC_WARN_ABOUT_RETURN_TYPE = YES;
				GCC_WARN_UNINITIALIZED_AUTOS = YES;
				GCC_WARN_UNUSED_VARIABLE = YES;
				IPHONEOS_DEPLOYMENT_TARGET = 6.1;
				ONLY_ACTIVE_ARCH = YES;
				SDKROOT = iphoneos;
			};
			name = Debug;
		};
		70C23C6C173EAE5300F54D6C /* Release */ = {
			isa = XCBuildConfiguration;
			buildSettings = {
				ALWAYS_SEARCH_USER_PATHS = NO;
				CLANG_CXX_LANGUAGE_STANDARD = "gnu++0x";
				CLANG_CXX_LIBRARY = "libc++";
				CLANG_ENABLE_OBJC_ARC = YES;
				CLANG_WARN_CONSTANT_CONVERSION = YES;
				CLANG_WARN_EMPTY_BODY = YES;
				CLANG_WARN_ENUM_CONVERSION = YES;
				CLANG_WARN_INT_CONVERSION = YES;
				CLANG_WARN__DUPLICATE_METHOD_MATCH = YES;
				"CODE_SIGN_IDENTITY[sdk=iphoneos*]" = "iPhone Developer";
				COPY_PHASE_STRIP = YES;
				GCC_C_LANGUAGE_STANDARD = gnu99;
				GCC_WARN_ABOUT_RETURN_TYPE = YES;
				GCC_WARN_UNINITIALIZED_AUTOS = YES;
				GCC_WARN_UNUSED_VARIABLE = YES;
				IPHONEOS_DEPLOYMENT_TARGET = 6.1;
				OTHER_CFLAGS = "-DNS_BLOCK_ASSERTIONS=1";
				SDKROOT = iphoneos;
				VALIDATE_PRODUCT = YES;
			};
			name = Release;
		};
		70C23C6E173EAE5300F54D6C /* Debug */ = {
			isa = XCBuildConfiguration;
			buildSettings = {
				GCC_PRECOMPILE_PREFIX_HEADER = YES;
				GCC_PREFIX_HEADER = "UIFXKit/UIFXKit-Prefix.pch";
				INFOPLIST_FILE = "UIFXKit/UIFXKit-Info.plist";
				PRODUCT_NAME = "$(TARGET_NAME)";
				WRAPPER_EXTENSION = app;
			};
			name = Debug;
		};
		70C23C6F173EAE5300F54D6C /* Release */ = {
			isa = XCBuildConfiguration;
			buildSettings = {
				GCC_PRECOMPILE_PREFIX_HEADER = YES;
				GCC_PREFIX_HEADER = "UIFXKit/UIFXKit-Prefix.pch";
				INFOPLIST_FILE = "UIFXKit/UIFXKit-Info.plist";
				PRODUCT_NAME = "$(TARGET_NAME)";
				WRAPPER_EXTENSION = app;
			};
			name = Release;
		};
		70C23C71173EAE5300F54D6C /* Debug */ = {
			isa = XCBuildConfiguration;
			buildSettings = {
				BUNDLE_LOADER = "$(BUILT_PRODUCTS_DIR)/UIFXKit.app/UIFXKit";
				FRAMEWORK_SEARCH_PATHS = (
					"\"$(SDKROOT)/Developer/Library/Frameworks\"",
					"\"$(DEVELOPER_LIBRARY_DIR)/Frameworks\"",
				);
				GCC_PRECOMPILE_PREFIX_HEADER = YES;
				GCC_PREFIX_HEADER = "UIFXKit/UIFXKit-Prefix.pch";
				INFOPLIST_FILE = "UIFXKitTests/UIFXKitTests-Info.plist";
				PRODUCT_NAME = "$(TARGET_NAME)";
				TEST_HOST = "$(BUNDLE_LOADER)";
				WRAPPER_EXTENSION = octest;
			};
			name = Debug;
		};
		70C23C72173EAE5300F54D6C /* Release */ = {
			isa = XCBuildConfiguration;
			buildSettings = {
				BUNDLE_LOADER = "$(BUILT_PRODUCTS_DIR)/UIFXKit.app/UIFXKit";
				FRAMEWORK_SEARCH_PATHS = (
					"\"$(SDKROOT)/Developer/Library/Frameworks\"",
					"\"$(DEVELOPER_LIBRARY_DIR)/Frameworks\"",
				);
				GCC_PRECOMPILE_PREFIX_HEADER = YES;
				GCC_PREFIX_HEADER = "UIFXKit/UIFXKit-Prefix.pch";
				INFOPLIST_FILE = "UIFXKitTests/UIFXKitTests-Info.plist";
				PRODUCT_NAME = "$(TARGET_NAME)";
				TEST_HOST = "$(BUNDLE_LOADER)";
				WRAPPER_EXTENSION = octest;
			};
			name = Release;
		};
/* End XCBuildConfiguration section */

/* Begin XCConfigurationList section */
		70C23C36173EAE5300F54D6C /* Build configuration list for PBXProject "UIFXKit" */ = {
			isa = XCConfigurationList;
			buildConfigurations = (
				70C23C6B173EAE5300F54D6C /* Debug */,
				70C23C6C173EAE5300F54D6C /* Release */,
			);
			defaultConfigurationIsVisible = 0;
			defaultConfigurationName = Release;
		};
		70C23C6D173EAE5300F54D6C /* Build configuration list for PBXNativeTarget "UIFXKit" */ = {
			isa = XCConfigurationList;
			buildConfigurations = (
				70C23C6E173EAE5300F54D6C /* Debug */,
				70C23C6F173EAE5300F54D6C /* Release */,
			);
			defaultConfigurationIsVisible = 0;
			defaultConfigurationName = Release;
		};
		70C23C70173EAE5300F54D6C /* Build configuration list for PBXNativeTarget "UIFXKitTests" */ = {
			isa = XCConfigurationList;
			buildConfigurations = (
				70C23C71173EAE5300F54D6C /* Debug */,
				70C23C72173EAE5300F54D6C /* Release */,
			);
			defaultConfigurationIsVisible = 0;
			defaultConfigurationName = Release;
		};
/* End XCConfigurationList section */
	};
	rootObject = 70C23C33173EAE5300F54D6C /* Project object */;
}
